# This file is @generated by PDM.
# It is not intended for manual editing.

[metadata]
groups = ["default", "dev", "full"]
strategy = ["inherit_metadata"]
lock_version = "4.5.0"
content_hash = "sha256:eb5ec662877878afba077d430be948dff72c62c845261ceeeeb8e8a91ea5743d"

[[metadata.targets]]
requires_python = ">=3.9"

[[package]]
name = "arclet-alconna-tools"
version = "0.7.9"
requires_python = ">=3.8"
summary = "Builtin Tools for Alconna"
groups = ["full"]
dependencies = [
    "arclet-alconna>=1.8.21",
    "nepattern<1.0.0,>=0.7.3",
]
files = [
    {file = "arclet_alconna_tools-0.7.9-py3-none-any.whl", hash = "sha256:01a3462bb9f8dbe55010b394f7a0ac11e331799d463e326738870dce191aa608"},
    {file = "arclet_alconna_tools-0.7.9.tar.gz", hash = "sha256:bded24c4157e13e2d803fe7b77ee246fda456206451337015513f150d1e4449c"},
]

[[package]]
name = "attrs"
version = "24.2.0"
requires_python = ">=3.7"
summary = "Classes Without Boilerplate"
groups = ["dev"]
dependencies = [
    "importlib-metadata; python_version < \"3.8\"",
]
files = [
    {file = "attrs-24.2.0-py3-none-any.whl", hash = "sha256:81921eb96de3191c8258c199618104dd27ac608d9366f5e35d011eae1867ede2"},
    {file = "attrs-24.2.0.tar.gz", hash = "sha256:5cfb1b9148b5b086569baec03f20d7b6bf3bcacc9a42bebf87ffaaca362f6346"},
]

[[package]]
name = "black"
version = "24.10.0"
requires_python = ">=3.9"
summary = "The uncompromising code formatter."
groups = ["dev"]
dependencies = [
    "click>=8.0.0",
    "mypy-extensions>=0.4.3",
    "packaging>=22.0",
    "pathspec>=0.9.0",
    "platformdirs>=2",
    "tomli>=1.1.0; python_version < \"3.11\"",
    "typing-extensions>=4.0.1; python_version < \"3.11\"",
]
files = [
    {file = "black-24.10.0-cp310-cp310-macosx_10_9_x86_64.whl", hash = "sha256:e6668650ea4b685440857138e5fe40cde4d652633b1bdffc62933d0db4ed9812"},
    {file = "black-24.10.0-cp310-cp310-macosx_11_0_arm64.whl", hash = "sha256:1c536fcf674217e87b8cc3657b81809d3c085d7bf3ef262ead700da345bfa6ea"},
    {file = "black-24.10.0-cp310-cp310-manylinux_2_17_x86_64.manylinux2014_x86_64.manylinux_2_28_x86_64.whl", hash = "sha256:649fff99a20bd06c6f727d2a27f401331dc0cc861fb69cde910fe95b01b5928f"},
    {file = "black-24.10.0-cp310-cp310-win_amd64.whl", hash = "sha256:fe4d6476887de70546212c99ac9bd803d90b42fc4767f058a0baa895013fbb3e"},
    {file = "black-24.10.0-cp311-cp311-macosx_10_9_x86_64.whl", hash = "sha256:5a2221696a8224e335c28816a9d331a6c2ae15a2ee34ec857dcf3e45dbfa99ad"},
    {file = "black-24.10.0-cp311-cp311-macosx_11_0_arm64.whl", hash = "sha256:f9da3333530dbcecc1be13e69c250ed8dfa67f43c4005fb537bb426e19200d50"},
    {file = "black-24.10.0-cp311-cp311-manylinux_2_17_x86_64.manylinux2014_x86_64.manylinux_2_28_x86_64.whl", hash = "sha256:4007b1393d902b48b36958a216c20c4482f601569d19ed1df294a496eb366392"},
    {file = "black-24.10.0-cp311-cp311-win_amd64.whl", hash = "sha256:394d4ddc64782e51153eadcaaca95144ac4c35e27ef9b0a42e121ae7e57a9175"},
    {file = "black-24.10.0-cp312-cp312-macosx_10_13_x86_64.whl", hash = "sha256:b5e39e0fae001df40f95bd8cc36b9165c5e2ea88900167bddf258bacef9bbdc3"},
    {file = "black-24.10.0-cp312-cp312-macosx_11_0_arm64.whl", hash = "sha256:d37d422772111794b26757c5b55a3eade028aa3fde43121ab7b673d050949d65"},
    {file = "black-24.10.0-cp312-cp312-manylinux_2_17_x86_64.manylinux2014_x86_64.manylinux_2_28_x86_64.whl", hash = "sha256:14b3502784f09ce2443830e3133dacf2c0110d45191ed470ecb04d0f5f6fcb0f"},
    {file = "black-24.10.0-cp312-cp312-win_amd64.whl", hash = "sha256:30d2c30dc5139211dda799758559d1b049f7f14c580c409d6ad925b74a4208a8"},
    {file = "black-24.10.0-cp313-cp313-macosx_10_13_x86_64.whl", hash = "sha256:1cbacacb19e922a1d75ef2b6ccaefcd6e93a2c05ede32f06a21386a04cedb981"},
    {file = "black-24.10.0-cp313-cp313-macosx_11_0_arm64.whl", hash = "sha256:1f93102e0c5bb3907451063e08b9876dbeac810e7da5a8bfb7aeb5a9ef89066b"},
    {file = "black-24.10.0-cp313-cp313-manylinux_2_17_x86_64.manylinux2014_x86_64.manylinux_2_28_x86_64.whl", hash = "sha256:ddacb691cdcdf77b96f549cf9591701d8db36b2f19519373d60d31746068dbf2"},
    {file = "black-24.10.0-cp313-cp313-win_amd64.whl", hash = "sha256:680359d932801c76d2e9c9068d05c6b107f2584b2a5b88831c83962eb9984c1b"},
    {file = "black-24.10.0-cp39-cp39-macosx_10_9_x86_64.whl", hash = "sha256:17374989640fbca88b6a448129cd1745c5eb8d9547b464f281b251dd00155ccd"},
    {file = "black-24.10.0-cp39-cp39-macosx_11_0_arm64.whl", hash = "sha256:63f626344343083322233f175aaf372d326de8436f5928c042639a4afbbf1d3f"},
    {file = "black-24.10.0-cp39-cp39-manylinux_2_17_x86_64.manylinux2014_x86_64.manylinux_2_28_x86_64.whl", hash = "sha256:ccfa1d0cb6200857f1923b602f978386a3a2758a65b52e0950299ea014be6800"},
    {file = "black-24.10.0-cp39-cp39-win_amd64.whl", hash = "sha256:2cd9c95431d94adc56600710f8813ee27eea544dd118d45896bb734e9d7a0dc7"},
    {file = "black-24.10.0-py3-none-any.whl", hash = "sha256:3bb2b7a1f7b685f85b11fed1ef10f8a9148bceb49853e47a294a3dd963c1dd7d"},
    {file = "black-24.10.0.tar.gz", hash = "sha256:846ea64c97afe3bc677b761787993be4991810ecc7a4a937816dd6bddedc4875"},
]

[[package]]
name = "click"
version = "8.1.7"
requires_python = ">=3.7"
summary = "Composable command line interface toolkit"
groups = ["dev"]
dependencies = [
    "colorama; platform_system == \"Windows\"",
    "importlib-metadata; python_version < \"3.8\"",
]
files = [
    {file = "click-8.1.7-py3-none-any.whl", hash = "sha256:ae74fb96c20a0277a1d615f1e4d73c8414f5a98db8b799a7931d1582f3390c28"},
    {file = "click-8.1.7.tar.gz", hash = "sha256:ca9853ad459e787e2192211578cc907e7594e294c7ccc834310722b41b9ca6de"},
]

[[package]]
name = "colorama"
version = "0.4.6"
requires_python = "!=3.0.*,!=3.1.*,!=3.2.*,!=3.3.*,!=3.4.*,!=3.5.*,!=3.6.*,>=2.7"
summary = "Cross-platform colored terminal text."
groups = ["dev"]
marker = "sys_platform == \"win32\" or platform_system == \"Windows\""
files = [
    {file = "colorama-0.4.6-py2.py3-none-any.whl", hash = "sha256:4f1d9991f5acc0ca119f9d443620b77f9d6b33703e51011c16baf57afb285fc6"},
    {file = "colorama-0.4.6.tar.gz", hash = "sha256:08695f5cb7ed6e0531a20572697297273c47b8cae5a63ffc6d6ed5c201be6e44"},
]

[[package]]
name = "coverage"
version = "7.0.5"
requires_python = ">=3.7"
summary = "Code coverage measurement for Python"
groups = ["dev"]
files = [
    {file = "coverage-7.0.5-cp310-cp310-macosx_10_9_x86_64.whl", hash = "sha256:2a7f23bbaeb2a87f90f607730b45564076d870f1fb07b9318d0c21f36871932b"},
    {file = "coverage-7.0.5-cp310-cp310-macosx_11_0_arm64.whl", hash = "sha256:c18d47f314b950dbf24a41787ced1474e01ca816011925976d90a88b27c22b89"},
    {file = "coverage-7.0.5-cp310-cp310-manylinux_2_17_aarch64.manylinux2014_aarch64.whl", hash = "sha256:ef14d75d86f104f03dea66c13188487151760ef25dd6b2dbd541885185f05f40"},
    {file = "coverage-7.0.5-cp310-cp310-manylinux_2_5_i686.manylinux1_i686.manylinux_2_17_i686.manylinux2014_i686.whl", hash = "sha256:66e50680e888840c0995f2ad766e726ce71ca682e3c5f4eee82272c7671d38a2"},
    {file = "coverage-7.0.5-cp310-cp310-manylinux_2_5_x86_64.manylinux1_x86_64.manylinux_2_17_x86_64.manylinux2014_x86_64.whl", hash = "sha256:a9fed35ca8c6e946e877893bbac022e8563b94404a605af1d1e6accc7eb73289"},
    {file = "coverage-7.0.5-cp310-cp310-musllinux_1_1_aarch64.whl", hash = "sha256:d8d04e755934195bdc1db45ba9e040b8d20d046d04d6d77e71b3b34a8cc002d0"},
    {file = "coverage-7.0.5-cp310-cp310-musllinux_1_1_i686.whl", hash = "sha256:7e109f1c9a3ece676597831874126555997c48f62bddbcace6ed17be3e372de8"},
    {file = "coverage-7.0.5-cp310-cp310-musllinux_1_1_x86_64.whl", hash = "sha256:0a1890fca2962c4f1ad16551d660b46ea77291fba2cc21c024cd527b9d9c8809"},
    {file = "coverage-7.0.5-cp310-cp310-win32.whl", hash = "sha256:be9fcf32c010da0ba40bf4ee01889d6c737658f4ddff160bd7eb9cac8f094b21"},
    {file = "coverage-7.0.5-cp310-cp310-win_amd64.whl", hash = "sha256:cbfcba14a3225b055a28b3199c3d81cd0ab37d2353ffd7f6fd64844cebab31ad"},
    {file = "coverage-7.0.5-cp311-cp311-macosx_10_9_x86_64.whl", hash = "sha256:30b5fec1d34cc932c1bc04017b538ce16bf84e239378b8f75220478645d11fca"},
    {file = "coverage-7.0.5-cp311-cp311-macosx_11_0_arm64.whl", hash = "sha256:1caed2367b32cc80a2b7f58a9f46658218a19c6cfe5bc234021966dc3daa01f0"},
    {file = "coverage-7.0.5-cp311-cp311-manylinux_2_17_aarch64.manylinux2014_aarch64.whl", hash = "sha256:d254666d29540a72d17cc0175746cfb03d5123db33e67d1020e42dae611dc196"},
    {file = "coverage-7.0.5-cp311-cp311-manylinux_2_5_i686.manylinux1_i686.manylinux_2_17_i686.manylinux2014_i686.whl", hash = "sha256:19245c249aa711d954623d94f23cc94c0fd65865661f20b7781210cb97c471c0"},
    {file = "coverage-7.0.5-cp311-cp311-manylinux_2_5_x86_64.manylinux1_x86_64.manylinux_2_17_x86_64.manylinux2014_x86_64.whl", hash = "sha256:7b05ed4b35bf6ee790832f68932baf1f00caa32283d66cc4d455c9e9d115aafc"},
    {file = "coverage-7.0.5-cp311-cp311-musllinux_1_1_aarch64.whl", hash = "sha256:29de916ba1099ba2aab76aca101580006adfac5646de9b7c010a0f13867cba45"},
    {file = "coverage-7.0.5-cp311-cp311-musllinux_1_1_i686.whl", hash = "sha256:e057e74e53db78122a3979f908973e171909a58ac20df05c33998d52e6d35757"},
    {file = "coverage-7.0.5-cp311-cp311-musllinux_1_1_x86_64.whl", hash = "sha256:411d4ff9d041be08fdfc02adf62e89c735b9468f6d8f6427f8a14b6bb0a85095"},
    {file = "coverage-7.0.5-cp311-cp311-win32.whl", hash = "sha256:52ab14b9e09ce052237dfe12d6892dd39b0401690856bcfe75d5baba4bfe2831"},
    {file = "coverage-7.0.5-cp311-cp311-win_amd64.whl", hash = "sha256:1f66862d3a41674ebd8d1a7b6f5387fe5ce353f8719040a986551a545d7d83ea"},
    {file = "coverage-7.0.5-cp39-cp39-macosx_10_9_x86_64.whl", hash = "sha256:3c2155943896ac78b9b0fd910fb381186d0c345911f5333ee46ac44c8f0e43ab"},
    {file = "coverage-7.0.5-cp39-cp39-macosx_11_0_arm64.whl", hash = "sha256:54f7e9705e14b2c9f6abdeb127c390f679f6dbe64ba732788d3015f7f76ef637"},
    {file = "coverage-7.0.5-cp39-cp39-manylinux_2_17_aarch64.manylinux2014_aarch64.whl", hash = "sha256:0ee30375b409d9a7ea0f30c50645d436b6f5dfee254edffd27e45a980ad2c7f4"},
    {file = "coverage-7.0.5-cp39-cp39-manylinux_2_5_i686.manylinux1_i686.manylinux_2_17_i686.manylinux2014_i686.whl", hash = "sha256:b78729038abea6a5df0d2708dce21e82073463b2d79d10884d7d591e0f385ded"},
    {file = "coverage-7.0.5-cp39-cp39-manylinux_2_5_x86_64.manylinux1_x86_64.manylinux_2_17_x86_64.manylinux2014_x86_64.whl", hash = "sha256:13250b1f0bd023e0c9f11838bdeb60214dd5b6aaf8e8d2f110c7e232a1bff83b"},
    {file = "coverage-7.0.5-cp39-cp39-musllinux_1_1_aarch64.whl", hash = "sha256:2c407b1950b2d2ffa091f4e225ca19a66a9bd81222f27c56bd12658fc5ca1209"},
    {file = "coverage-7.0.5-cp39-cp39-musllinux_1_1_i686.whl", hash = "sha256:c76a3075e96b9c9ff00df8b5f7f560f5634dffd1658bafb79eb2682867e94f78"},
    {file = "coverage-7.0.5-cp39-cp39-musllinux_1_1_x86_64.whl", hash = "sha256:f26648e1b3b03b6022b48a9b910d0ae209e2d51f50441db5dce5b530fad6d9b1"},
    {file = "coverage-7.0.5-cp39-cp39-win32.whl", hash = "sha256:ba3027deb7abf02859aca49c865ece538aee56dcb4871b4cced23ba4d5088904"},
    {file = "coverage-7.0.5-cp39-cp39-win_amd64.whl", hash = "sha256:949844af60ee96a376aac1ded2a27e134b8c8d35cc006a52903fc06c24a3296f"},
    {file = "coverage-7.0.5-pp37.pp38.pp39-none-any.whl", hash = "sha256:b9727ac4f5cf2cbf87880a63870b5b9730a8ae3a4a360241a0fdaa2f71240ff0"},
    {file = "coverage-7.0.5.tar.gz", hash = "sha256:051afcbd6d2ac39298d62d340f94dbb6a1f31de06dfaf6fcef7b759dd3860c45"},
]

[[package]]
name = "exceptiongroup"
version = "1.2.2"
requires_python = ">=3.7"
summary = "Backport of PEP 654 (exception groups)"
groups = ["dev"]
marker = "python_version < \"3.11\""
files = [
    {file = "exceptiongroup-1.2.2-py3-none-any.whl", hash = "sha256:3111b9d131c238bec2f8f516e123e14ba243563fb135d3fe885990585aa7795b"},
    {file = "exceptiongroup-1.2.2.tar.gz", hash = "sha256:47c2edf7c6738fafb49fd34290706d1a1a2f4d1c6df275526b62cbb4aa5393cc"},
]

[[package]]
name = "fix-future-annotations"
version = "0.5.0"
requires_python = ">=3.8"
summary = "A CLI and pre-commit hook to upgrade the typing annotations syntax to PEP 585 and PEP 604"
groups = ["dev"]
dependencies = [
    "tokenize-rt>=5.0.0",
    "tomli; python_version < \"3.11\"",
]
files = [
    {file = "fix-future-annotations-0.5.0.tar.gz", hash = "sha256:666bf5fd09068f3403b34b2dc69844955a4a7bac4df28dd345183bd18172cbfd"},
    {file = "fix_future_annotations-0.5.0-py3-none-any.whl", hash = "sha256:45b5e73b36c514a23c2fbb2b7ff26448496399bda3b98a7b78a14439639f2e59"},
]

[[package]]
name = "iniconfig"
version = "2.0.0"
requires_python = ">=3.7"
summary = "brain-dead simple config-ini parsing"
groups = ["dev"]
files = [
    {file = "iniconfig-2.0.0-py3-none-any.whl", hash = "sha256:b6a85871a79d2e3b22d2d1b94ac2824226a63c6b741c88f7ae975f18b6778374"},
    {file = "iniconfig-2.0.0.tar.gz", hash = "sha256:2d91e135bf72d31a410b17c16da610a82cb55f6b0477d1a902134b24a455b8b3"},
]

[[package]]
name = "isort"
version = "5.13.2"
requires_python = ">=3.8.0"
summary = "A Python utility / library to sort Python imports."
groups = ["dev"]
files = [
    {file = "isort-5.13.2-py3-none-any.whl", hash = "sha256:8ca5e72a8d85860d5a3fa69b8745237f2939afe12dbf656afbcb47fe72d947a6"},
    {file = "isort-5.13.2.tar.gz", hash = "sha256:48fdfcb9face5d58a4f6dde2e72a1fb8dcaf8ab26f95ab49fab84c2ddefb0109"},
]

[[package]]
name = "mypy-extensions"
version = "1.0.0"
requires_python = ">=3.5"
summary = "Type system extensions for programs checked with the mypy type checker."
groups = ["dev"]
files = [
    {file = "mypy_extensions-1.0.0-py3-none-any.whl", hash = "sha256:4392f6c0eb8a5668a69e23d168ffa70f0be9ccfd32b5cc2d26a34ae5b844552d"},
    {file = "mypy_extensions-1.0.0.tar.gz", hash = "sha256:75dbf8955dc00442a438fc4d0666508a9a97b6bd41aa2f0ffe9d2f2725af0782"},
]

[[package]]
name = "nepattern"
version = "0.7.7"
requires_python = ">=3.8"
summary = "a complex pattern, support typing"
groups = ["default", "full"]
dependencies = [
    "tarina>=0.5.1",
    "typing-extensions>=4.5.0",
]
files = [
    {file = "nepattern-0.7.7-py3-none-any.whl", hash = "sha256:2d66f964333f42df7971390da4fb98dfed1e8b769236f305c28a83c0bcda849a"},
    {file = "nepattern-0.7.7.tar.gz", hash = "sha256:6667f888457e78937998f9412eb70ad16d220464d2d77850dd2b05e9ecfb3207"},
]

[[package]]
name = "packaging"
version = "24.1"
requires_python = ">=3.8"
summary = "Core utilities for Python packages"
groups = ["dev"]
files = [
    {file = "packaging-24.1-py3-none-any.whl", hash = "sha256:5b8f2217dbdbd2f7f384c41c628544e6d52f2d0f53c6d0c3ea61aa5d1d7ff124"},
    {file = "packaging-24.1.tar.gz", hash = "sha256:026ed72c8ed3fcce5bf8950572258698927fd1dbda10a5e981cdf0ac37f4f002"},
]

[[package]]
name = "pathspec"
version = "0.12.1"
requires_python = ">=3.8"
summary = "Utility library for gitignore style pattern matching of file paths."
groups = ["dev"]
files = [
    {file = "pathspec-0.12.1-py3-none-any.whl", hash = "sha256:a0d503e138a4c123b27490a4f7beda6a01c6f288df0e4a8b79c7eb0dc7b4cc08"},
    {file = "pathspec-0.12.1.tar.gz", hash = "sha256:a482d51503a1ab33b1c67a6c3813a26953dbdc71c31dacaef9a838c4e29f5712"},
]

[[package]]
name = "platformdirs"
version = "4.3.6"
requires_python = ">=3.8"
summary = "A small Python package for determining appropriate platform-specific dirs, e.g. a `user data dir`."
groups = ["dev"]
files = [
    {file = "platformdirs-4.3.6-py3-none-any.whl", hash = "sha256:73e575e1408ab8103900836b97580d5307456908a03e92031bab39e4554cc3fb"},
    {file = "platformdirs-4.3.6.tar.gz", hash = "sha256:357fb2acbc885b0419afd3ce3ed34564c13c9b95c89360cd9563f73aa5e2b907"},
]

[[package]]
name = "pluggy"
version = "1.5.0"
requires_python = ">=3.8"
summary = "plugin and hook calling mechanisms for python"
groups = ["dev"]
files = [
    {file = "pluggy-1.5.0-py3-none-any.whl", hash = "sha256:44e1ad92c8ca002de6377e165f3e0f1be63266ab4d554740532335b9d75ea669"},
    {file = "pluggy-1.5.0.tar.gz", hash = "sha256:2cffa88e94fdc978c4c574f15f9e59b7f4201d439195c3715ca9e2486f1d0cf1"},
]

[[package]]
name = "pydeps"
version = "1.11.2"
summary = "Display module dependencies"
groups = ["dev"]
dependencies = [
    "enum34; python_version < \"3.4\"",
    "stdlib-list",
]
files = [
    {file = "pydeps-1.11.2-py3-none-any.whl", hash = "sha256:b889c3b37b1b9f7daba4ba92077ada602ba6db1254a2c5e8c1e3eea42a0b9b91"},
    {file = "pydeps-1.11.2.tar.gz", hash = "sha256:06c69e83e7f93c0409e0421938fbf34df3c364e2fd848cb0da8ed225d2490641"},
]

[[package]]
name = "pytest"
version = "7.2.2"
requires_python = ">=3.7"
summary = "pytest: simple powerful testing with Python"
groups = ["dev"]
dependencies = [
    "attrs>=19.2.0",
    "colorama; sys_platform == \"win32\"",
    "exceptiongroup>=1.0.0rc8; python_version < \"3.11\"",
    "importlib-metadata>=0.12; python_version < \"3.8\"",
    "iniconfig",
    "packaging",
    "pluggy<2.0,>=0.12",
    "tomli>=1.0.0; python_version < \"3.11\"",
]
files = [
    {file = "pytest-7.2.2-py3-none-any.whl", hash = "sha256:130328f552dcfac0b1cec75c12e3f005619dc5f874f0a06e8ff7263f0ee6225e"},
    {file = "pytest-7.2.2.tar.gz", hash = "sha256:c99ab0c73aceb050f68929bc93af19ab6db0558791c6a0715723abe9d0ade9d4"},
]

[[package]]
name = "stdlib-list"
version = "0.10.0"
requires_python = ">=3.7"
summary = "A list of Python Standard Libraries (2.7 through 3.12)."
groups = ["dev"]
files = [
    {file = "stdlib_list-0.10.0-py3-none-any.whl", hash = "sha256:b3a911bc441d03e0332dd1a9e7d0870ba3bb0a542a74d7524f54fb431256e214"},
    {file = "stdlib_list-0.10.0.tar.gz", hash = "sha256:6519c50d645513ed287657bfe856d527f277331540691ddeaf77b25459964a14"},
]

[[package]]
name = "tarina"
version = "0.7.0"
requires_python = ">=3.9"
summary = "A collection of common utils for Arclet"
groups = ["default", "full"]
dependencies = [
    "typing-extensions>=4.4.0",
]
files = [
    {file = "tarina-0.7.0-cp310-cp310-macosx_10_9_universal2.whl", hash = "sha256:1257b13e352e97eca7299210179a2f888f2c865f1a9f1929fbae95a767e88986"},
    {file = "tarina-0.7.0-cp310-cp310-macosx_10_9_x86_64.whl", hash = "sha256:1fd87d8a6ab1f7728f45667875b32f5d9891370ca3fd8407347d8dcb47255036"},
    {file = "tarina-0.7.0-cp310-cp310-macosx_11_0_arm64.whl", hash = "sha256:f952241f164b14f2234cbfcae0753836b21ed48ad757bf9ba94fecfa8f7493dd"},
    {file = "tarina-0.7.0-cp310-cp310-manylinux2014_aarch64.manylinux_2_17_aarch64.manylinux_2_28_aarch64.whl", hash = "sha256:212b6e0ba7518768c70859adfb7e8f44609576b21a44d3a51af8cd09dc6b5ba3"},
    {file = "tarina-0.7.0-cp310-cp310-manylinux2014_armv7l.manylinux_2_17_armv7l.manylinux_2_31_armv7l.whl", hash = "sha256:57e62560213bde790f8f74bb2b88c7ab489fe736d0fc111f58edb855c147def5"},
    {file = "tarina-0.7.0-cp310-cp310-manylinux2014_ppc64le.manylinux_2_17_ppc64le.manylinux_2_28_ppc64le.whl", hash = "sha256:4ac27999ec4ae15f73e88ca5e2ecaef91f543b5604e947ad1b4a51d5401ea5c7"},
    {file = "tarina-0.7.0-cp310-cp310-manylinux2014_s390x.manylinux_2_17_s390x.manylinux_2_28_s390x.whl", hash = "sha256:c04bbd5fe55c975db15838de5513dc056ede8f01499a7511a0d358f0c99eaf6a"},
    {file = "tarina-0.7.0-cp310-cp310-manylinux2014_x86_64.manylinux_2_17_x86_64.manylinux_2_28_x86_64.whl", hash = "sha256:627c68c9de06d4edd572b29a504b20a518e1afbeb9dd550988f4c2051e0c3472"},
    {file = "tarina-0.7.0-cp310-cp310-manylinux_2_31_riscv64.manylinux_2_39_riscv64.whl", hash = "sha256:96475a64e83f142aeaa337fa096ebba9faae43c1a68bcaaaaa5405a99d2fc012"},
    {file = "tarina-0.7.0-cp310-cp310-musllinux_1_2_aarch64.whl", hash = "sha256:5e791ea964992c2076fcc2deba0e7f09e577ee780fa497dc07c969b1a64e256d"},
    {file = "tarina-0.7.0-cp310-cp310-musllinux_1_2_armv7l.whl", hash = "sha256:c25ee2afc50ee3e9483ded57fe7cc2037611542e4fb5788f00adf75a75f0476f"},
    {file = "tarina-0.7.0-cp310-cp310-musllinux_1_2_ppc64le.whl", hash = "sha256:e668271ec6c90e08847f5101f5f40385990ead0cd253a882c180598b2003db57"},
    {file = "tarina-0.7.0-cp310-cp310-musllinux_1_2_riscv64.whl", hash = "sha256:40d51b5842138c8809b1d4691549d375214bb46285ca6b16928196f25a1ced5c"},
    {file = "tarina-0.7.0-cp310-cp310-musllinux_1_2_s390x.whl", hash = "sha256:7af7ee85f5fe83bb337d4a46592846e8b964b1231da41173bbf6dfbb6265e31c"},
    {file = "tarina-0.7.0-cp310-cp310-musllinux_1_2_x86_64.whl", hash = "sha256:30ee401d1be209205a1d892ad5e30469308cb7e00a393564c12691195e31449e"},
    {file = "tarina-0.7.0-cp310-cp310-win32.whl", hash = "sha256:8ad086f7aa7345b97f548bb02cad156ecb938713bd708e4a16a20d93f0fdb9f8"},
    {file = "tarina-0.7.0-cp310-cp310-win_amd64.whl", hash = "sha256:436c26ea42f2bd35fb1d4656abb74a5fa10c5739a2301b69af64c6f3727e767a"},
    {file = "tarina-0.7.0-cp310-cp310-win_arm64.whl", hash = "sha256:6b70b7982794b639822705d929e1ee7eaca18a15adba866d78bd740c37c393b3"},
    {file = "tarina-0.7.0-cp311-cp311-macosx_10_9_universal2.whl", hash = "sha256:10291e3aa49c3d72b4050d9aa138ad96965c858ec5b9c607dca3bb89f406c186"},
    {file = "tarina-0.7.0-cp311-cp311-macosx_10_9_x86_64.whl", hash = "sha256:e692f65f094dd20e3ae1f420fcf1287f7eed82950526f11244e313fc3f0a3b3c"},
    {file = "tarina-0.7.0-cp311-cp311-macosx_11_0_arm64.whl", hash = "sha256:b56648c3b57fffe7fb5094ef2612596b14db8fb3d5290cc8b85c33c80e035336"},
    {file = "tarina-0.7.0-cp311-cp311-manylinux2014_aarch64.manylinux_2_17_aarch64.manylinux_2_28_aarch64.whl", hash = "sha256:d306eaa18c1e2b4378633b3c879e60b2528d88a7f25a39f0c4e344131652eea4"},
    {file = "tarina-0.7.0-cp311-cp311-manylinux2014_armv7l.manylinux_2_17_armv7l.manylinux_2_31_armv7l.whl", hash = "sha256:b25410ffdb2c6193ca1e236b159f373d38012997a0239d5dcdfbff4c79d20ec5"},
    {file = "tarina-0.7.0-cp311-cp311-manylinux2014_ppc64le.manylinux_2_17_ppc64le.manylinux_2_28_ppc64le.whl", hash = "sha256:0f02d03a4b4421681bd7fcbc5ba1dd765ec34dd6ba693b266ee8595c8fecc2cf"},
    {file = "tarina-0.7.0-cp311-cp311-manylinux2014_s390x.manylinux_2_17_s390x.manylinux_2_28_s390x.whl", hash = "sha256:b530b781c2006639e0d8a6bb7ee69b1743ec60f59c26f5bdc783c3e5efede856"},
    {file = "tarina-0.7.0-cp311-cp311-manylinux2014_x86_64.manylinux_2_17_x86_64.manylinux_2_28_x86_64.whl", hash = "sha256:524520581ed3d8ca450c9c8a8df0ed7b3431ac44fe1219a486096c23a2fb53e0"},
    {file = "tarina-0.7.0-cp311-cp311-manylinux_2_31_riscv64.manylinux_2_39_riscv64.whl", hash = "sha256:c79dbc1b4f4150dbec2fa9dd88b35d93423c03ad5286cdfe3dc712d9cc015108"},
    {file = "tarina-0.7.0-cp311-cp311-musllinux_1_2_aarch64.whl", hash = "sha256:51303f150ba95ebc91f0503f03d008b2ed99b1bdcf518da05bf6ae55a75441a7"},
    {file = "tarina-0.7.0-cp311-cp311-musllinux_1_2_armv7l.whl", hash = "sha256:116ed07fbd7fd104f67febf0a299e841d5ecc773c7f32e22c491f757e6a8c916"},
    {file = "tarina-0.7.0-cp311-cp311-musllinux_1_2_ppc64le.whl", hash = "sha256:78987089236f988265b85f4414f25854e8dd2751c04e3627e69ae96209092ee9"},
    {file = "tarina-0.7.0-cp311-cp311-musllinux_1_2_riscv64.whl", hash = "sha256:836a004b587f89a905eea243b2fc07035dfd947c2477a480ffa106d330484b26"},
    {file = "tarina-0.7.0-cp311-cp311-musllinux_1_2_s390x.whl", hash = "sha256:02616b546b84b7c0885e2334e516d7a4e19f664a93005b289cfd9d607aa4f788"},
    {file = "tarina-0.7.0-cp311-cp311-musllinux_1_2_x86_64.whl", hash = "sha256:908f6c6f8d9ae8f8c6c544505686dd5d69d60064cdba6fc69e5953125a7cbd9d"},
    {file = "tarina-0.7.0-cp311-cp311-win32.whl", hash = "sha256:8174d66fe011ff00bc99314afbb9c5d2f048435aea0455fd9d4248fc384846ca"},
    {file = "tarina-0.7.0-cp311-cp311-win_amd64.whl", hash = "sha256:122f0ca5a99a4cd60c4632fb133e816b97157708ba70684e8c99566d5581b5a3"},
    {file = "tarina-0.7.0-cp311-cp311-win_arm64.whl", hash = "sha256:88c81202f8356adf7c3042d46d6950163340e6c32060f20a52e9e5b1f5d7dee4"},
    {file = "tarina-0.7.0-cp312-cp312-macosx_10_13_universal2.whl", hash = "sha256:82fafdf716fa19f821211cc55e0aad889576fd90057a8149e5668e2f16bbd7aa"},
    {file = "tarina-0.7.0-cp312-cp312-macosx_10_13_x86_64.whl", hash = "sha256:f6fb18d6d083c694360c1ac562a13734d36304b12cd0def326376c8959c9b389"},
    {file = "tarina-0.7.0-cp312-cp312-macosx_11_0_arm64.whl", hash = "sha256:0185ae10042acf4227d1cd8036a3a17b518ce9414fea88a5305333a8fcbb77f7"},
    {file = "tarina-0.7.0-cp312-cp312-manylinux2014_aarch64.manylinux_2_17_aarch64.manylinux_2_28_aarch64.whl", hash = "sha256:8e2a30717a463e580b528585dcb0217a56df740a2f8d87b64a2067d732b10a4c"},
    {file = "tarina-0.7.0-cp312-cp312-manylinux2014_armv7l.manylinux_2_17_armv7l.manylinux_2_31_armv7l.whl", hash = "sha256:a4851ddaca799898b95c0687a7ba7d5e8b677a77d88244c71adc200df2429464"},
    {file = "tarina-0.7.0-cp312-cp312-manylinux2014_ppc64le.manylinux_2_17_ppc64le.manylinux_2_28_ppc64le.whl", hash = "sha256:f9aae1b3e9715d0241e759601a323cd1f58e6f699be8bf3211db258e809aeae1"},
    {file = "tarina-0.7.0-cp312-cp312-manylinux2014_s390x.manylinux_2_17_s390x.manylinux_2_28_s390x.whl", hash = "sha256:b8f9b3fcaf08065465babf7311033988bc7414b7ffe178142345915acf96c61a"},
    {file = "tarina-0.7.0-cp312-cp312-manylinux2014_x86_64.manylinux_2_17_x86_64.manylinux_2_28_x86_64.whl", hash = "sha256:34ba16ed80e585e97eba24137dbc73ef4f353eb910948ff88489702cb537dc20"},
    {file = "tarina-0.7.0-cp312-cp312-manylinux_2_31_riscv64.manylinux_2_39_riscv64.whl", hash = "sha256:9511b9d1c96b419e602e8adde7ac7039c47c0a1c32321cf4e5ab52ba98a7b104"},
    {file = "tarina-0.7.0-cp312-cp312-musllinux_1_2_aarch64.whl", hash = "sha256:bf3599a1cecf2a84056cdd3ffe30bdcefa680b8dfe0e643309d62e6d0004a15a"},
    {file = "tarina-0.7.0-cp312-cp312-musllinux_1_2_armv7l.whl", hash = "sha256:e64be31f224b4431bfb4b54cf1b5eaca6892ed1e67a79b0c5b2947a7462202e6"},
    {file = "tarina-0.7.0-cp312-cp312-musllinux_1_2_ppc64le.whl", hash = "sha256:5432e46718101b17dfc6baf73546e3e2757e6cdc195d09f6341462284f360db1"},
    {file = "tarina-0.7.0-cp312-cp312-musllinux_1_2_riscv64.whl", hash = "sha256:2f75ad61fdd1daaeddae8c578c2b9975e74a55d1f3bbc472ac412f49fc70885f"},
    {file = "tarina-0.7.0-cp312-cp312-musllinux_1_2_s390x.whl", hash = "sha256:cb9bb3f48051f7b1dc885ac0ed22fe6c789a4ab7a1d76b7bf83bd90e7f1ca082"},
    {file = "tarina-0.7.0-cp312-cp312-musllinux_1_2_x86_64.whl", hash = "sha256:b830b1be0024e3aa0372c76b993500e14885585cde49a359a03f53d11eef802e"},
    {file = "tarina-0.7.0-cp312-cp312-win32.whl", hash = "sha256:df305cc755941f76a5d5bae49ae15b43f9ee355008cb37f5a8ee905b6862e6c4"},
    {file = "tarina-0.7.0-cp312-cp312-win_amd64.whl", hash = "sha256:23a661a16b7eda269d83a053bd103195457b44ad695da21411d0f6f856dfcdcc"},
    {file = "tarina-0.7.0-cp312-cp312-win_arm64.whl", hash = "sha256:7435ab3b764eceaf06eb6b2979e1fdc165c7d285917184d275731366df8dd7bc"},
    {file = "tarina-0.7.0-cp313-cp313-macosx_10_13_universal2.whl", hash = "sha256:84cd46cbc60333b19b55d36fab9c97b4c2b224fcffc6450a0a3a6ecba8e39b3c"},
    {file = "tarina-0.7.0-cp313-cp313-macosx_10_13_x86_64.whl", hash = "sha256:3cd0045923613fc9f68648b0619e65902e1d7313bc82d25673b135f972891b1c"},
    {file = "tarina-0.7.0-cp313-cp313-macosx_11_0_arm64.whl", hash = "sha256:358fd0b3c283214f6844a8d0b4e548a49e21026efa3483d930ee836abd1f7eaa"},
    {file = "tarina-0.7.0-cp313-cp313-manylinux2014_aarch64.manylinux_2_17_aarch64.manylinux_2_28_aarch64.whl", hash = "sha256:51611dc2b1e1396ca24c4bfbc3a5f1d47274527dd84f783fa14d32eddbfb9b79"},
    {file = "tarina-0.7.0-cp313-cp313-manylinux2014_armv7l.manylinux_2_17_armv7l.manylinux_2_31_armv7l.whl", hash = "sha256:2d8135c90b544100785a30e28859643f0f3a1374e7bc679972d8f2fde12f3623"},
    {file = "tarina-0.7.0-cp313-cp313-manylinux2014_ppc64le.manylinux_2_17_ppc64le.manylinux_2_28_ppc64le.whl", hash = "sha256:f50fdb60662e0436c8bc6f5eff77db772e5b281ad803262c29dc3ee59c47eb64"},
    {file = "tarina-0.7.0-cp313-cp313-manylinux2014_s390x.manylinux_2_17_s390x.manylinux_2_28_s390x.whl", hash = "sha256:278e6117564c34b2b581cc46b6e180f5fb8134634943228ed6b0e03ea481ee04"},
    {file = "tarina-0.7.0-cp313-cp313-manylinux2014_x86_64.manylinux_2_17_x86_64.manylinux_2_28_x86_64.whl", hash = "sha256:bc9a5a1093a15791d09fdf4ec42affc676f10b95ba30a9d425a6dd745c60f0d0"},
    {file = "tarina-0.7.0-cp313-cp313-manylinux_2_31_riscv64.manylinux_2_39_riscv64.whl", hash = "sha256:1705f3f08cce8c73d1eabda83b8a69b56a963af98acfc40bd838a53da8ef3610"},
    {file = "tarina-0.7.0-cp313-cp313-musllinux_1_2_aarch64.whl", hash = "sha256:aa7cadddbeba4849bbdc96327aeb5e8c65f47fd0ddc7f77a2916642bdd5e5047"},
    {file = "tarina-0.7.0-cp313-cp313-musllinux_1_2_armv7l.whl", hash = "sha256:976b66531b6bbbac34323ce2bbfb25be938437276f469fabf7a86b117b7052d0"},
    {file = "tarina-0.7.0-cp313-cp313-musllinux_1_2_ppc64le.whl", hash = "sha256:515dc355401f15ab73855ab0d7d786ecbd65dc77a23335fd3e203a13487de338"},
    {file = "tarina-0.7.0-cp313-cp313-musllinux_1_2_riscv64.whl", hash = "sha256:96264a13c539a9641d07905d065cd40f651a82c181b5252fa2098f7620d795d6"},
    {file = "tarina-0.7.0-cp313-cp313-musllinux_1_2_s390x.whl", hash = "sha256:51da150cfe0f215d2092e5e616316b278e714d10f605d237fbb3232e5e92b17e"},
    {file = "tarina-0.7.0-cp313-cp313-musllinux_1_2_x86_64.whl", hash = "sha256:4423c8ec8085b6ca09b104ebe8519494c711a431fe56cc304fbbaaede1a31dd6"},
    {file = "tarina-0.7.0-cp313-cp313-win32.whl", hash = "sha256:0230616ec7bfa35ea5534ce9683829ede79fffe2981ded091515aedd23fa62e2"},
    {file = "tarina-0.7.0-cp313-cp313-win_amd64.whl", hash = "sha256:886c379f879b2455445e72eabe0ecdad09ae6372388598b51d4bc11ca06114e2"},
    {file = "tarina-0.7.0-cp313-cp313-win_arm64.whl", hash = "sha256:984f1390b480a23bcc8b8e207daaf8470c56fec010912791ee223d6e0d4dbca1"},
    {file = "tarina-0.7.0-cp314-cp314-macosx_10_13_universal2.whl", hash = "sha256:0a24390709fabd800ac50c4ea4367fd15a6f31a97be42a39966d6cf5cf6e0f17"},
    {file = "tarina-0.7.0-cp314-cp314-macosx_10_13_x86_64.whl", hash = "sha256:b6f4a8d8ea06b94d6300c6cc81da8d99922bbed20941c10db8bb325b390322b6"},
    {file = "tarina-0.7.0-cp314-cp314-macosx_11_0_arm64.whl", hash = "sha256:89531e39c851248b44a9cf3602d59f8a51beacf2bcae8d9208823bc164aa2f70"},
    {file = "tarina-0.7.0-cp314-cp314-manylinux2014_aarch64.manylinux_2_17_aarch64.manylinux_2_28_aarch64.whl", hash = "sha256:cd3e4f4de385b342e2f285144ae295b3d59f4c1e8c201fd1ad5fdec7a51b803d"},
    {file = "tarina-0.7.0-cp314-cp314-manylinux2014_armv7l.manylinux_2_17_armv7l.manylinux_2_31_armv7l.whl", hash = "sha256:ee241dd6a63168d738a5ba7d84cede1e5fd0a4cffcc34826f12bb5c56d9f92b7"},
    {file = "tarina-0.7.0-cp314-cp314-manylinux2014_ppc64le.manylinux_2_17_ppc64le.manylinux_2_28_ppc64le.whl", hash = "sha256:e8bcb49718a13f413f175380a3ca69096dd92d03f6eec85e29a38740c8bbb1a5"},
    {file = "tarina-0.7.0-cp314-cp314-manylinux2014_s390x.manylinux_2_17_s390x.manylinux_2_28_s390x.whl", hash = "sha256:34f158e8440729545551ba14cacd4a858b95c3ccfaffcbe6c0c62aa2fdc31957"},
    {file = "tarina-0.7.0-cp314-cp314-manylinux2014_x86_64.manylinux_2_17_x86_64.manylinux_2_28_x86_64.whl", hash = "sha256:1a36f4c583d0b13d23af9f932f2493cf50618ab9c24d0f620b0691e22a839a36"},
    {file = "tarina-0.7.0-cp314-cp314-manylinux_2_31_riscv64.manylinux_2_39_riscv64.whl", hash = "sha256:c5d00cbc62acf7f34f2ed193e8eceb9979b36fc18ad3b5615d501a3d45fb5345"},
    {file = "tarina-0.7.0-cp314-cp314-musllinux_1_2_aarch64.whl", hash = "sha256:f30da8708a112debf15ae4ea6668a8929ebe8243b5708c60812d523b53058bdb"},
    {file = "tarina-0.7.0-cp314-cp314-musllinux_1_2_armv7l.whl", hash = "sha256:3d517f90b0785f573f8d8ce81e283189db6b734167a44615ec62662e656e4d77"},
    {file = "tarina-0.7.0-cp314-cp314-musllinux_1_2_ppc64le.whl", hash = "sha256:e2587d9e72871aa82d16b9495b51e4374403eb57af456d26e919ef9a0bf72fa8"},
    {file = "tarina-0.7.0-cp314-cp314-musllinux_1_2_riscv64.whl", hash = "sha256:f1aa396d2e711625c875ce9f14c189e8edf43f646ea93a40851b645200176ae5"},
    {file = "tarina-0.7.0-cp314-cp314-musllinux_1_2_s390x.whl", hash = "sha256:ca75124d31b43f711089bf9404ddf68e90bfcda79a21f355eefeaed8c02e92e1"},
    {file = "tarina-0.7.0-cp314-cp314-musllinux_1_2_x86_64.whl", hash = "sha256:01b7024f2f326bd48a7309338bfb6adb4ddb7e10c4fb3dd0ee7707aa8d969f8b"},
    {file = "tarina-0.7.0-cp314-cp314-win32.whl", hash = "sha256:2658c51046ce5111c6d6628f2598bad1f7b9b445be08349ac703b683db99e30a"},
    {file = "tarina-0.7.0-cp314-cp314-win_amd64.whl", hash = "sha256:da56c8d056577ccb91ead671fc7eb449ada9f8e9a2225cbec8e36606898a57a4"},
    {file = "tarina-0.7.0-cp314-cp314-win_arm64.whl", hash = "sha256:7a751aca8926d935c042f988e1c98a39e7450b3c2faf9d3563bef203f27370da"},
    {file = "tarina-0.7.0-cp39-cp39-macosx_10_9_universal2.whl", hash = "sha256:6b0d9b990521f975f4b918089028a529d04d4f0f604cee0c042e18f2cd603ef2"},
    {file = "tarina-0.7.0-cp39-cp39-macosx_10_9_x86_64.whl", hash = "sha256:1262c1da55cfc996e0fd350baef72c3665f70d2ef4d4a57286734e26127b40cf"},
    {file = "tarina-0.7.0-cp39-cp39-macosx_11_0_arm64.whl", hash = "sha256:1f6a1cdf30543c2458c50eadab07586b98279a7dd2bc62f2a2f623aa71b27af1"},
    {file = "tarina-0.7.0-cp39-cp39-manylinux2014_aarch64.manylinux_2_17_aarch64.manylinux_2_28_aarch64.whl", hash = "sha256:0853ec5a2269817e3e40ccb1e033e2b9056b74d2b3751942538b0b167750521a"},
    {file = "tarina-0.7.0-cp39-cp39-manylinux2014_armv7l.manylinux_2_17_armv7l.manylinux_2_31_armv7l.whl", hash = "sha256:f1a199b746bb25d64c46b8042e8273a924e885db27e3502d74df5e9855fb00a7"},
    {file = "tarina-0.7.0-cp39-cp39-manylinux2014_ppc64le.manylinux_2_17_ppc64le.manylinux_2_28_ppc64le.whl", hash = "sha256:b195c7b32d2c9d91827984a569241d9050fd6cdca627623683457e71d07599c2"},
    {file = "tarina-0.7.0-cp39-cp39-manylinux2014_s390x.manylinux_2_17_s390x.manylinux_2_28_s390x.whl", hash = "sha256:336ffe514e160f5fd955b52bfa744130787cefa49bffd50e7da0e6d726df5277"},
    {file = "tarina-0.7.0-cp39-cp39-manylinux2014_x86_64.manylinux_2_17_x86_64.manylinux_2_28_x86_64.whl", hash = "sha256:76dde4e1bb2937b20aa91741861b2e5911cb9c257681456aa274b7b9dd5e1860"},
    {file = "tarina-0.7.0-cp39-cp39-manylinux_2_31_riscv64.manylinux_2_39_riscv64.whl", hash = "sha256:ce202ae6888a2005f7281af84db0409bb411765115356e66460c9fb51c76cd79"},
    {file = "tarina-0.7.0-cp39-cp39-musllinux_1_2_aarch64.whl", hash = "sha256:ec3b45460289f23d034098bcdcdbcb9ba04caa7f7d85a8b55eaa2deee8bd9a79"},
    {file = "tarina-0.7.0-cp39-cp39-musllinux_1_2_armv7l.whl", hash = "sha256:f72c0144de5a7db1e0f035d8d120e7439f8175893f0dea9e2ab159ea0b3db5d4"},
    {file = "tarina-0.7.0-cp39-cp39-musllinux_1_2_ppc64le.whl", hash = "sha256:51e388b061861115bf15ec8615bbac3b74f1b4f4094970d666599c1dd5fdaa02"},
    {file = "tarina-0.7.0-cp39-cp39-musllinux_1_2_riscv64.whl", hash = "sha256:657244e0d6799037dde6ee606072f213e4052958130d3b80db8a8e3c79ebfcc9"},
    {file = "tarina-0.7.0-cp39-cp39-musllinux_1_2_s390x.whl", hash = "sha256:f5d114db8a95f772e3a71529161cf05fc6a57ef8c177c13ff5903df9d9154085"},
    {file = "tarina-0.7.0-cp39-cp39-musllinux_1_2_x86_64.whl", hash = "sha256:9cf933057f2b603910aa2b5f7e40a64beb1d631f53e0819e3fb277eedbf2e85b"},
    {file = "tarina-0.7.0-cp39-cp39-win32.whl", hash = "sha256:fc53c923d91999ef3fcf8bcd56f76484dacbd0802c92251d3af6c72a01c64639"},
    {file = "tarina-0.7.0-cp39-cp39-win_amd64.whl", hash = "sha256:a91271de3d9d25f69cc5f72fe32317107966b9894db59b448c215a56702f85c5"},
    {file = "tarina-0.7.0-cp39-cp39-win_arm64.whl", hash = "sha256:84609ba6e81d36ff91b8c1e72b28d4b72563e200d024805404476a98be42db98"},
    {file = "tarina-0.7.0-py3-none-any.whl", hash = "sha256:9e87230de04131e6db43f7a2683aa1b5608f07b86dc707fffc165fe2f5722f7f"},
    {file = "tarina-0.7.0.tar.gz", hash = "sha256:8d85f53ec2f7fdfe3caaee2159037062cc7414550cb6e0c67c28fbd8fd93bd87"},
]

[[package]]
name = "tokenize-rt"
version = "6.0.0"
requires_python = ">=3.8"
summary = "A wrapper around the stdlib `tokenize` which roundtrips."
groups = ["dev"]
files = [
    {file = "tokenize_rt-6.0.0-py2.py3-none-any.whl", hash = "sha256:d4ff7ded2873512938b4f8cbb98c9b07118f01d30ac585a30d7a88353ca36d22"},
    {file = "tokenize_rt-6.0.0.tar.gz", hash = "sha256:b9711bdfc51210211137499b5e355d3de5ec88a85d2025c520cbb921b5194367"},
]

[[package]]
name = "tomli"
version = "2.0.2"
requires_python = ">=3.8"
summary = "A lil' TOML parser"
groups = ["dev"]
marker = "python_version < \"3.11\""
files = [
    {file = "tomli-2.0.2-py3-none-any.whl", hash = "sha256:2ebe24485c53d303f690b0ec092806a085f07af5a5aa1464f3931eec36caaa38"},
    {file = "tomli-2.0.2.tar.gz", hash = "sha256:d46d457a85337051c36524bc5349dd91b1877838e2979ac5ced3e710ed8a60ed"},
]

[[package]]
name = "typing-extensions"
version = "4.12.2"
requires_python = ">=3.8"
summary = "Backported and Experimental Type Hints for Python 3.8+"
groups = ["default", "dev", "full"]
files = [
    {file = "typing_extensions-4.12.2-py3-none-any.whl", hash = "sha256:04e5ca0351e0f3f85c6853954072df659d0d13fac324d0072316b67d7794700d"},
    {file = "typing_extensions-4.12.2.tar.gz", hash = "sha256:1a7ead55c7e559dd4dee8856e3a88b41225abfe1ce8df57b7c13915fe121ffb8"},
]
