# This file is @generated by PDM.
# It is not intended for manual editing.

[metadata]
groups = ["default", "dev", "full"]
strategy = ["cross_platform", "inherit_metadata"]
lock_version = "4.4.1"
content_hash = "sha256:74ee11de9a5218a089f5bdc17fa9a83282f4164dda1294dab1c739d8cd7678cc"

[[package]]
name = "arclet-alconna-tools"
version = "0.6.11"
requires_python = ">=3.8"
summary = "Builtin Tools for Alconna"
groups = ["full"]
dependencies = [
    "arclet-alconna>=1.7.39",
    "nepattern>=0.5.15",
]
files = [
    {file = "arclet-alconna-tools-0.6.11.tar.gz", hash = "sha256:079f1ccd84120c65288e50014de2117a0dc7c52e5c2d2d718ad9fd95afb40232"},
    {file = "arclet_alconna_tools-0.6.11-py3-none-any.whl", hash = "sha256:d3bc7d70040fbc1c0b44a9b751089f87c6c487161d7c930dd4018d7ef468d91f"},
]

[[package]]
name = "attrs"
version = "23.2.0"
requires_python = ">=3.7"
summary = "Classes Without Boilerplate"
groups = ["dev"]
files = [
    {file = "attrs-23.2.0-py3-none-any.whl", hash = "sha256:99b87a485a5820b23b879f04c2305b44b951b502fd64be915879d77a7e8fc6f1"},
    {file = "attrs-23.2.0.tar.gz", hash = "sha256:935dc3b529c262f6cf76e50877d35a4bd3c1de194fd41f47a2b7ae8f19971f30"},
]

[[package]]
name = "colorama"
version = "0.4.6"
requires_python = "!=3.0.*,!=3.1.*,!=3.2.*,!=3.3.*,!=3.4.*,!=3.5.*,!=3.6.*,>=2.7"
summary = "Cross-platform colored terminal text."
groups = ["dev"]
marker = "sys_platform == \"win32\""
files = [
    {file = "colorama-0.4.6-py2.py3-none-any.whl", hash = "sha256:4f1d9991f5acc0ca119f9d443620b77f9d6b33703e51011c16baf57afb285fc6"},
    {file = "colorama-0.4.6.tar.gz", hash = "sha256:08695f5cb7ed6e0531a20572697297273c47b8cae5a63ffc6d6ed5c201be6e44"},
]

[[package]]
name = "coverage"
version = "7.0.5"
requires_python = ">=3.7"
summary = "Code coverage measurement for Python"
groups = ["dev"]
files = [
    {file = "coverage-7.0.5-cp310-cp310-macosx_10_9_x86_64.whl", hash = "sha256:2a7f23bbaeb2a87f90f607730b45564076d870f1fb07b9318d0c21f36871932b"},
    {file = "coverage-7.0.5-cp310-cp310-macosx_11_0_arm64.whl", hash = "sha256:c18d47f314b950dbf24a41787ced1474e01ca816011925976d90a88b27c22b89"},
    {file = "coverage-7.0.5-cp310-cp310-manylinux_2_17_aarch64.manylinux2014_aarch64.whl", hash = "sha256:ef14d75d86f104f03dea66c13188487151760ef25dd6b2dbd541885185f05f40"},
    {file = "coverage-7.0.5-cp310-cp310-manylinux_2_5_i686.manylinux1_i686.manylinux_2_17_i686.manylinux2014_i686.whl", hash = "sha256:66e50680e888840c0995f2ad766e726ce71ca682e3c5f4eee82272c7671d38a2"},
    {file = "coverage-7.0.5-cp310-cp310-manylinux_2_5_x86_64.manylinux1_x86_64.manylinux_2_17_x86_64.manylinux2014_x86_64.whl", hash = "sha256:a9fed35ca8c6e946e877893bbac022e8563b94404a605af1d1e6accc7eb73289"},
    {file = "coverage-7.0.5-cp310-cp310-musllinux_1_1_aarch64.whl", hash = "sha256:d8d04e755934195bdc1db45ba9e040b8d20d046d04d6d77e71b3b34a8cc002d0"},
    {file = "coverage-7.0.5-cp310-cp310-musllinux_1_1_i686.whl", hash = "sha256:7e109f1c9a3ece676597831874126555997c48f62bddbcace6ed17be3e372de8"},
    {file = "coverage-7.0.5-cp310-cp310-musllinux_1_1_x86_64.whl", hash = "sha256:0a1890fca2962c4f1ad16551d660b46ea77291fba2cc21c024cd527b9d9c8809"},
    {file = "coverage-7.0.5-cp310-cp310-win32.whl", hash = "sha256:be9fcf32c010da0ba40bf4ee01889d6c737658f4ddff160bd7eb9cac8f094b21"},
    {file = "coverage-7.0.5-cp310-cp310-win_amd64.whl", hash = "sha256:cbfcba14a3225b055a28b3199c3d81cd0ab37d2353ffd7f6fd64844cebab31ad"},
    {file = "coverage-7.0.5-cp311-cp311-macosx_10_9_x86_64.whl", hash = "sha256:30b5fec1d34cc932c1bc04017b538ce16bf84e239378b8f75220478645d11fca"},
    {file = "coverage-7.0.5-cp311-cp311-macosx_11_0_arm64.whl", hash = "sha256:1caed2367b32cc80a2b7f58a9f46658218a19c6cfe5bc234021966dc3daa01f0"},
    {file = "coverage-7.0.5-cp311-cp311-manylinux_2_17_aarch64.manylinux2014_aarch64.whl", hash = "sha256:d254666d29540a72d17cc0175746cfb03d5123db33e67d1020e42dae611dc196"},
    {file = "coverage-7.0.5-cp311-cp311-manylinux_2_5_i686.manylinux1_i686.manylinux_2_17_i686.manylinux2014_i686.whl", hash = "sha256:19245c249aa711d954623d94f23cc94c0fd65865661f20b7781210cb97c471c0"},
    {file = "coverage-7.0.5-cp311-cp311-manylinux_2_5_x86_64.manylinux1_x86_64.manylinux_2_17_x86_64.manylinux2014_x86_64.whl", hash = "sha256:7b05ed4b35bf6ee790832f68932baf1f00caa32283d66cc4d455c9e9d115aafc"},
    {file = "coverage-7.0.5-cp311-cp311-musllinux_1_1_aarch64.whl", hash = "sha256:29de916ba1099ba2aab76aca101580006adfac5646de9b7c010a0f13867cba45"},
    {file = "coverage-7.0.5-cp311-cp311-musllinux_1_1_i686.whl", hash = "sha256:e057e74e53db78122a3979f908973e171909a58ac20df05c33998d52e6d35757"},
    {file = "coverage-7.0.5-cp311-cp311-musllinux_1_1_x86_64.whl", hash = "sha256:411d4ff9d041be08fdfc02adf62e89c735b9468f6d8f6427f8a14b6bb0a85095"},
    {file = "coverage-7.0.5-cp311-cp311-win32.whl", hash = "sha256:52ab14b9e09ce052237dfe12d6892dd39b0401690856bcfe75d5baba4bfe2831"},
    {file = "coverage-7.0.5-cp311-cp311-win_amd64.whl", hash = "sha256:1f66862d3a41674ebd8d1a7b6f5387fe5ce353f8719040a986551a545d7d83ea"},
    {file = "coverage-7.0.5-cp38-cp38-macosx_10_9_x86_64.whl", hash = "sha256:790e4433962c9f454e213b21b0fd4b42310ade9c077e8edcb5113db0818450cb"},
    {file = "coverage-7.0.5-cp38-cp38-macosx_11_0_arm64.whl", hash = "sha256:49640bda9bda35b057b0e65b7c43ba706fa2335c9a9896652aebe0fa399e80e6"},
    {file = "coverage-7.0.5-cp38-cp38-manylinux_2_17_aarch64.manylinux2014_aarch64.whl", hash = "sha256:d66187792bfe56f8c18ba986a0e4ae44856b1c645336bd2c776e3386da91e1dd"},
    {file = "coverage-7.0.5-cp38-cp38-manylinux_2_5_i686.manylinux1_i686.manylinux_2_17_i686.manylinux2014_i686.whl", hash = "sha256:276f4cd0001cd83b00817c8db76730938b1ee40f4993b6a905f40a7278103b3a"},
    {file = "coverage-7.0.5-cp38-cp38-manylinux_2_5_x86_64.manylinux1_x86_64.manylinux_2_17_x86_64.manylinux2014_x86_64.whl", hash = "sha256:95304068686545aa368b35dfda1cdfbbdbe2f6fe43de4a2e9baa8ebd71be46e2"},
    {file = "coverage-7.0.5-cp38-cp38-musllinux_1_1_aarch64.whl", hash = "sha256:17e01dd8666c445025c29684d4aabf5a90dc6ef1ab25328aa52bedaa95b65ad7"},
    {file = "coverage-7.0.5-cp38-cp38-musllinux_1_1_i686.whl", hash = "sha256:ea76dbcad0b7b0deb265d8c36e0801abcddf6cc1395940a24e3595288b405ca0"},
    {file = "coverage-7.0.5-cp38-cp38-musllinux_1_1_x86_64.whl", hash = "sha256:50a6adc2be8edd7ee67d1abc3cd20678987c7b9d79cd265de55941e3d0d56499"},
    {file = "coverage-7.0.5-cp38-cp38-win32.whl", hash = "sha256:e4ce984133b888cc3a46867c8b4372c7dee9cee300335e2925e197bcd45b9e16"},
    {file = "coverage-7.0.5-cp38-cp38-win_amd64.whl", hash = "sha256:4a950f83fd3f9bca23b77442f3a2b2ea4ac900944d8af9993743774c4fdc57af"},
    {file = "coverage-7.0.5-cp39-cp39-macosx_10_9_x86_64.whl", hash = "sha256:3c2155943896ac78b9b0fd910fb381186d0c345911f5333ee46ac44c8f0e43ab"},
    {file = "coverage-7.0.5-cp39-cp39-macosx_11_0_arm64.whl", hash = "sha256:54f7e9705e14b2c9f6abdeb127c390f679f6dbe64ba732788d3015f7f76ef637"},
    {file = "coverage-7.0.5-cp39-cp39-manylinux_2_17_aarch64.manylinux2014_aarch64.whl", hash = "sha256:0ee30375b409d9a7ea0f30c50645d436b6f5dfee254edffd27e45a980ad2c7f4"},
    {file = "coverage-7.0.5-cp39-cp39-manylinux_2_5_i686.manylinux1_i686.manylinux_2_17_i686.manylinux2014_i686.whl", hash = "sha256:b78729038abea6a5df0d2708dce21e82073463b2d79d10884d7d591e0f385ded"},
    {file = "coverage-7.0.5-cp39-cp39-manylinux_2_5_x86_64.manylinux1_x86_64.manylinux_2_17_x86_64.manylinux2014_x86_64.whl", hash = "sha256:13250b1f0bd023e0c9f11838bdeb60214dd5b6aaf8e8d2f110c7e232a1bff83b"},
    {file = "coverage-7.0.5-cp39-cp39-musllinux_1_1_aarch64.whl", hash = "sha256:2c407b1950b2d2ffa091f4e225ca19a66a9bd81222f27c56bd12658fc5ca1209"},
    {file = "coverage-7.0.5-cp39-cp39-musllinux_1_1_i686.whl", hash = "sha256:c76a3075e96b9c9ff00df8b5f7f560f5634dffd1658bafb79eb2682867e94f78"},
    {file = "coverage-7.0.5-cp39-cp39-musllinux_1_1_x86_64.whl", hash = "sha256:f26648e1b3b03b6022b48a9b910d0ae209e2d51f50441db5dce5b530fad6d9b1"},
    {file = "coverage-7.0.5-cp39-cp39-win32.whl", hash = "sha256:ba3027deb7abf02859aca49c865ece538aee56dcb4871b4cced23ba4d5088904"},
    {file = "coverage-7.0.5-cp39-cp39-win_amd64.whl", hash = "sha256:949844af60ee96a376aac1ded2a27e134b8c8d35cc006a52903fc06c24a3296f"},
    {file = "coverage-7.0.5-pp37.pp38.pp39-none-any.whl", hash = "sha256:b9727ac4f5cf2cbf87880a63870b5b9730a8ae3a4a360241a0fdaa2f71240ff0"},
    {file = "coverage-7.0.5.tar.gz", hash = "sha256:051afcbd6d2ac39298d62d340f94dbb6a1f31de06dfaf6fcef7b759dd3860c45"},
]

[[package]]
name = "exceptiongroup"
version = "1.2.0"
requires_python = ">=3.7"
summary = "Backport of PEP 654 (exception groups)"
groups = ["dev"]
marker = "python_version < \"3.11\""
files = [
    {file = "exceptiongroup-1.2.0-py3-none-any.whl", hash = "sha256:4bfd3996ac73b41e9b9628b04e079f193850720ea5945fc96a08633c66912f14"},
    {file = "exceptiongroup-1.2.0.tar.gz", hash = "sha256:91f5c769735f051a4290d52edd0858999b57e5876e9f85937691bd4c9fa3ed68"},
]

[[package]]
name = "fix-future-annotations"
version = "0.5.0"
requires_python = ">=3.8"
summary = "A CLI and pre-commit hook to upgrade the typing annotations syntax to PEP 585 and PEP 604"
groups = ["dev"]
dependencies = [
    "tokenize-rt>=5.0.0",
    "tomli; python_version < \"3.11\"",
]
files = [
    {file = "fix-future-annotations-0.5.0.tar.gz", hash = "sha256:666bf5fd09068f3403b34b2dc69844955a4a7bac4df28dd345183bd18172cbfd"},
    {file = "fix_future_annotations-0.5.0-py3-none-any.whl", hash = "sha256:45b5e73b36c514a23c2fbb2b7ff26448496399bda3b98a7b78a14439639f2e59"},
]

[[package]]
name = "iniconfig"
version = "2.0.0"
requires_python = ">=3.7"
summary = "brain-dead simple config-ini parsing"
groups = ["dev"]
files = [
    {file = "iniconfig-2.0.0-py3-none-any.whl", hash = "sha256:b6a85871a79d2e3b22d2d1b94ac2824226a63c6b741c88f7ae975f18b6778374"},
    {file = "iniconfig-2.0.0.tar.gz", hash = "sha256:2d91e135bf72d31a410b17c16da610a82cb55f6b0477d1a902134b24a455b8b3"},
]

[[package]]
name = "nepattern"
version = "0.5.15"
requires_python = ">=3.8"
summary = "a complex pattern, support typing"
groups = ["default", "full"]
dependencies = [
    "tarina>=0.3.3",
    "typing-extensions>=4.5.0",
]
files = [
    {file = "nepattern-0.5.15-py3-none-any.whl", hash = "sha256:c68fc7c0c9b7835c956a89e0f91fd380b8e07880e183414871e83ef4a9fa0dbd"},
    {file = "nepattern-0.5.15.tar.gz", hash = "sha256:3b04b91b5856b9826b61737933911f570a75ba8116b9e2ff8fa83b4aa0211203"},
]

[[package]]
name = "packaging"
version = "23.2"
requires_python = ">=3.7"
summary = "Core utilities for Python packages"
groups = ["dev"]
files = [
    {file = "packaging-23.2-py3-none-any.whl", hash = "sha256:8c491190033a9af7e1d931d0b5dacc2ef47509b34dd0de67ed209b5203fc88c7"},
    {file = "packaging-23.2.tar.gz", hash = "sha256:048fb0e9405036518eaaf48a55953c750c11e1a1b68e0dd1a9d62ed0c092cfc5"},
]

[[package]]
name = "pluggy"
version = "1.4.0"
requires_python = ">=3.8"
summary = "plugin and hook calling mechanisms for python"
groups = ["dev"]
files = [
    {file = "pluggy-1.4.0-py3-none-any.whl", hash = "sha256:7db9f7b503d67d1c5b95f59773ebb58a8c1c288129a88665838012cfb07b8981"},
    {file = "pluggy-1.4.0.tar.gz", hash = "sha256:8c85c2876142a764e5b7548e7d9a0e0ddb46f5185161049a79b7e974454223be"},
]

[[package]]
name = "pydeps"
version = "1.11.2"
summary = "Display module dependencies"
groups = ["dev"]
dependencies = [
    "stdlib-list",
]
files = [
    {file = "pydeps-1.11.2-py3-none-any.whl", hash = "sha256:b889c3b37b1b9f7daba4ba92077ada602ba6db1254a2c5e8c1e3eea42a0b9b91"},
    {file = "pydeps-1.11.2.tar.gz", hash = "sha256:06c69e83e7f93c0409e0421938fbf34df3c364e2fd848cb0da8ed225d2490641"},
]

[[package]]
name = "pytest"
version = "7.2.2"
requires_python = ">=3.7"
summary = "pytest: simple powerful testing with Python"
groups = ["dev"]
dependencies = [
    "attrs>=19.2.0",
    "colorama; sys_platform == \"win32\"",
    "exceptiongroup>=1.0.0rc8; python_version < \"3.11\"",
    "iniconfig",
    "packaging",
    "pluggy<2.0,>=0.12",
    "tomli>=1.0.0; python_version < \"3.11\"",
]
files = [
    {file = "pytest-7.2.2-py3-none-any.whl", hash = "sha256:130328f552dcfac0b1cec75c12e3f005619dc5f874f0a06e8ff7263f0ee6225e"},
    {file = "pytest-7.2.2.tar.gz", hash = "sha256:c99ab0c73aceb050f68929bc93af19ab6db0558791c6a0715723abe9d0ade9d4"},
]

[[package]]
name = "stdlib-list"
version = "0.10.0"
requires_python = ">=3.7"
summary = "A list of Python Standard Libraries (2.7 through 3.12)."
groups = ["dev"]
files = [
    {file = "stdlib_list-0.10.0-py3-none-any.whl", hash = "sha256:b3a911bc441d03e0332dd1a9e7d0870ba3bb0a542a74d7524f54fb431256e214"},
    {file = "stdlib_list-0.10.0.tar.gz", hash = "sha256:6519c50d645513ed287657bfe856d527f277331540691ddeaf77b25459964a14"},
]

[[package]]
name = "tarina"
version = "0.4.2"
requires_python = ">=3.8"
summary = "A collection of common utils for Arclet"
groups = ["default", "full"]
dependencies = [
    "typing-extensions>=4.4.0",
]
files = [
    {file = "tarina-0.4.2-cp310-cp310-macosx_10_9_universal2.whl", hash = "sha256:c46b2b827a4d14f521c5f323e1cb8ed5350d3d9bf8e7828100265903526b9907"},
    {file = "tarina-0.4.2-cp310-cp310-macosx_10_9_x86_64.whl", hash = "sha256:dc78a3c653fdea3f2ae642584a6a55cf26856b4858875068a7cfca92b13bca6b"},
    {file = "tarina-0.4.2-cp310-cp310-macosx_11_0_arm64.whl", hash = "sha256:c1943cabd1707e52b1bfc478c33c48c04d6c0d3ef9425ad808265d7965142c3b"},
    {file = "tarina-0.4.2-cp310-cp310-manylinux_2_5_i686.manylinux1_i686.manylinux_2_17_i686.manylinux2014_i686.whl", hash = "sha256:872507bc155412ab71f202a9b28ee170bd395c7cf8dbee63bfe78845265717a2"},
    {file = "tarina-0.4.2-cp310-cp310-manylinux_2_5_x86_64.manylinux1_x86_64.manylinux_2_17_x86_64.manylinux2014_x86_64.whl", hash = "sha256:61aab6935092373fd53565ec7ba894ff9567e4620535a26362aeb66826f6d0d7"},
    {file = "tarina-0.4.2-cp310-cp310-musllinux_1_1_i686.whl", hash = "sha256:5ae2ccd7aa409d33ea14944533b93f15cee71a1a7f4547f0cfef1ad6153ed142"},
    {file = "tarina-0.4.2-cp310-cp310-musllinux_1_1_x86_64.whl", hash = "sha256:ee72b6a55215ad6acc1d50fbd227d972138adacc9f7c6a3f1c63080780d968ed"},
    {file = "tarina-0.4.2-cp310-cp310-win32.whl", hash = "sha256:4f417bb80c18d5f87f27bcb1e70d5eaae125578440c6bbe4c5275c6c633a7475"},
    {file = "tarina-0.4.2-cp310-cp310-win_amd64.whl", hash = "sha256:e54de934c6a754e27daf64a04d6ca287303f7b7e6f8ecee6cb8162577ffc2a6c"},
    {file = "tarina-0.4.2-cp311-cp311-macosx_10_9_universal2.whl", hash = "sha256:30ec63fce2556f9e63d8d774a74ef688d9c46dd04f198d3b9a653cd5c539fd5e"},
    {file = "tarina-0.4.2-cp311-cp311-macosx_10_9_x86_64.whl", hash = "sha256:03718dd5630daa7ee84f31ae258c979f168f4b58149a0647af706bff64268321"},
    {file = "tarina-0.4.2-cp311-cp311-macosx_11_0_arm64.whl", hash = "sha256:8d49030aefd8486fdb5b91e72c188451de216fb71c636cbd33a7eee5e6c73daf"},
    {file = "tarina-0.4.2-cp311-cp311-manylinux_2_5_i686.manylinux1_i686.manylinux_2_17_i686.manylinux2014_i686.whl", hash = "sha256:4ad962153c9f63ad1e89acd3d9bbbcee21b5ea07ee0e8dac06c6d2471ee8337d"},
    {file = "tarina-0.4.2-cp311-cp311-manylinux_2_5_x86_64.manylinux1_x86_64.manylinux_2_17_x86_64.manylinux2014_x86_64.whl", hash = "sha256:9e2a8a9bfd4a9a5907c2c64e163c374eaed24b1e0df3fe9d0bd7d52a9f730daa"},
    {file = "tarina-0.4.2-cp311-cp311-musllinux_1_1_i686.whl", hash = "sha256:50a2bea62c32cf9a6cd89f7eb1b2a1a5a5ca3b7533960abdcc77956121267de1"},
    {file = "tarina-0.4.2-cp311-cp311-musllinux_1_1_x86_64.whl", hash = "sha256:0c6c16b01783797cbd12eeef042a7ed96a5531b01b931e50ac5afb3d9d4d1634"},
    {file = "tarina-0.4.2-cp311-cp311-win32.whl", hash = "sha256:c4b54ebdfeb63f9a60ca4c70014784eb50c00ad892e9ad8211527e2d57108abb"},
    {file = "tarina-0.4.2-cp311-cp311-win_amd64.whl", hash = "sha256:b613afb8e3381f64e2ede5ad17b7c013515f601b8ce335dead5403aa5ac58281"},
    {file = "tarina-0.4.2-cp38-cp38-macosx_10_9_universal2.whl", hash = "sha256:a95da4a609cdf7e888e1688c0d332acf9c62633f81a40cf851ce3649c3fb9283"},
    {file = "tarina-0.4.2-cp38-cp38-macosx_10_9_x86_64.whl", hash = "sha256:a3cb636ec94d5f7a6bb7a7bfc451e484c6e8ea7bc04144eb4662d692923ca8ca"},
    {file = "tarina-0.4.2-cp38-cp38-macosx_11_0_arm64.whl", hash = "sha256:b1f4a76784f47a89e7e2bb44136fe8e07a636f50fbc4b24f0d8da63cc28ebf78"},
    {file = "tarina-0.4.2-cp38-cp38-manylinux_2_5_i686.manylinux1_i686.manylinux_2_17_i686.manylinux2014_i686.whl", hash = "sha256:45348f4ecfa21b84c103ef021b161020637c7a6aa02e02440fbe3418cc4a5654"},
    {file = "tarina-0.4.2-cp38-cp38-manylinux_2_5_x86_64.manylinux1_x86_64.manylinux_2_17_x86_64.manylinux2014_x86_64.whl", hash = "sha256:a1848011cf5707aad0899236bcc972f86ef5554ec4799a8ddf15ef53aea784ff"},
    {file = "tarina-0.4.2-cp38-cp38-musllinux_1_1_i686.whl", hash = "sha256:494ccf76d4428de18c59464f5a9e1c8b6d0bf598941a8b0d9f407729f81e0a95"},
    {file = "tarina-0.4.2-cp38-cp38-musllinux_1_1_x86_64.whl", hash = "sha256:0086c91358536549f61a6ac24861764ef1a607a91bd82a2dbd574392de26dff0"},
    {file = "tarina-0.4.2-cp38-cp38-win32.whl", hash = "sha256:c30618a7c8586719ff46c12b653d52e969c0a5105698f3fdbff8e5293b135b63"},
    {file = "tarina-0.4.2-cp38-cp38-win_amd64.whl", hash = "sha256:6b7b3bff3cbf0901f55c87739af297fd6692f53d3d3a55d0de12e7e41e4e7ff4"},
    {file = "tarina-0.4.2-cp39-cp39-macosx_10_9_universal2.whl", hash = "sha256:af75e381a0ae7481741f37221fa721816d78c6e34791ac14a29d41f148bfae49"},
    {file = "tarina-0.4.2-cp39-cp39-macosx_10_9_x86_64.whl", hash = "sha256:938fe8e9fe950eb4ab1824f72d55973cae98aaeacba1bf6ce2f6e5729f9b8555"},
    {file = "tarina-0.4.2-cp39-cp39-macosx_11_0_arm64.whl", hash = "sha256:46737007a43cfef9ba20409230beb49a6754de498930eb1105edf0687ce4d6d8"},
    {file = "tarina-0.4.2-cp39-cp39-manylinux_2_5_i686.manylinux1_i686.manylinux_2_17_i686.manylinux2014_i686.whl", hash = "sha256:dbbbdd2aee142d3c0888ebce2481ad15e4d505c040fee1b9c7809bf3c9e83649"},
    {file = "tarina-0.4.2-cp39-cp39-manylinux_2_5_x86_64.manylinux1_x86_64.manylinux_2_17_x86_64.manylinux2014_x86_64.whl", hash = "sha256:0b4781c783266e2d4eccc975ba79e1e0b4b465d267e616b5b44f32981a289a7a"},
    {file = "tarina-0.4.2-cp39-cp39-musllinux_1_1_i686.whl", hash = "sha256:01d1b3b0e0079e5f372111b149815d70d4a063a83f1a656d6acd91e67fa9c862"},
    {file = "tarina-0.4.2-cp39-cp39-musllinux_1_1_x86_64.whl", hash = "sha256:d493c5492a27964aa4f8fa65ac6eab172624b8d25718b1a5e2261102ac363b26"},
    {file = "tarina-0.4.2-cp39-cp39-win32.whl", hash = "sha256:df510f8d8a2cb5e684f2412d98a3f2654986e40c2a697be686f0b27f51ea7c36"},
    {file = "tarina-0.4.2-cp39-cp39-win_amd64.whl", hash = "sha256:646f74e7426acf2644461a2077b72677d964b5c064f6cb2df8c60c77580e1f89"},
    {file = "tarina-0.4.2-py3-none-any.whl", hash = "sha256:08650c08b1950e7346b13f20ff695d3d3d0d7a9d240521a7544c433ba326a736"},
    {file = "tarina-0.4.2.tar.gz", hash = "sha256:a719c31c1e65c5fb68c12fbacffe802f160678d2e6a9745d1241b924e9283791"},
]

[[package]]
name = "tokenize-rt"
version = "5.2.0"
requires_python = ">=3.8"
summary = "A wrapper around the stdlib `tokenize` which roundtrips."
groups = ["dev"]
files = [
    {file = "tokenize_rt-5.2.0-py2.py3-none-any.whl", hash = "sha256:b79d41a65cfec71285433511b50271b05da3584a1da144a0752e9c621a285289"},
    {file = "tokenize_rt-5.2.0.tar.gz", hash = "sha256:9fe80f8a5c1edad2d3ede0f37481cc0cc1538a2f442c9c2f9e4feacd2792d054"},
]

[[package]]
name = "tomli"
version = "2.0.1"
requires_python = ">=3.7"
summary = "A lil' TOML parser"
groups = ["dev"]
marker = "python_version < \"3.11\""
files = [
    {file = "tomli-2.0.1-py3-none-any.whl", hash = "sha256:939de3e7a6161af0c887ef91b7d41a53e7c5a1ca976325f429cb46ea9bc30ecc"},
    {file = "tomli-2.0.1.tar.gz", hash = "sha256:de526c12914f0c550d15924c62d72abc48d6fe7364aa87328337a31007fe8a4f"},
]

[[package]]
name = "typing-extensions"
version = "4.9.0"
requires_python = ">=3.8"
summary = "Backported and Experimental Type Hints for Python 3.8+"
groups = ["default", "full"]
files = [
    {file = "typing_extensions-4.9.0-py3-none-any.whl", hash = "sha256:af72aea155e91adfc61c3ae9e0e342dbc0cba726d6cba4b6c72c1f34e47291cd"},
    {file = "typing_extensions-4.9.0.tar.gz", hash = "sha256:23478f88c37f27d76ac8aee6c905017a143b0b1b886c3c9f66bc2fd94f9f5783"},
]
