# This file is @generated by PDM.
# It is not intended for manual editing.

[metadata]
groups = ["default", "dev", "full"]
strategy = ["inherit_metadata"]
lock_version = "4.5.0"
content_hash = "sha256:580cc0de11a6549c48d6627125b84c44d016fbc75a82bb4f2e81f51e06eaebcd"

[[metadata.targets]]
requires_python = ">=3.9"

[[package]]
name = "arclet-alconna-tools"
version = "0.7.9"
requires_python = ">=3.8"
summary = "Builtin Tools for Alconna"
groups = ["full"]
dependencies = [
    "arclet-alconna>=1.8.21",
    "nepattern<1.0.0,>=0.7.3",
]
files = [
    {file = "arclet_alconna_tools-0.7.9-py3-none-any.whl", hash = "sha256:01a3462bb9f8dbe55010b394f7a0ac11e331799d463e326738870dce191aa608"},
    {file = "arclet_alconna_tools-0.7.9.tar.gz", hash = "sha256:bded24c4157e13e2d803fe7b77ee246fda456206451337015513f150d1e4449c"},
]

[[package]]
name = "attrs"
version = "23.2.0"
requires_python = ">=3.7"
summary = "Classes Without Boilerplate"
groups = ["dev"]
dependencies = [
    "importlib-metadata; python_version < \"3.8\"",
]
files = [
    {file = "attrs-23.2.0-py3-none-any.whl", hash = "sha256:99b87a485a5820b23b879f04c2305b44b951b502fd64be915879d77a7e8fc6f1"},
    {file = "attrs-23.2.0.tar.gz", hash = "sha256:935dc3b529c262f6cf76e50877d35a4bd3c1de194fd41f47a2b7ae8f19971f30"},
]

[[package]]
name = "black"
version = "24.8.0"
requires_python = ">=3.8"
summary = "The uncompromising code formatter."
groups = ["dev"]
dependencies = [
    "click>=8.0.0",
    "mypy-extensions>=0.4.3",
    "packaging>=22.0",
    "pathspec>=0.9.0",
    "platformdirs>=2",
    "tomli>=1.1.0; python_version < \"3.11\"",
    "typing-extensions>=4.0.1; python_version < \"3.11\"",
]
files = [
    {file = "black-24.8.0-cp310-cp310-macosx_10_9_x86_64.whl", hash = "sha256:09cdeb74d494ec023ded657f7092ba518e8cf78fa8386155e4a03fdcc44679e6"},
    {file = "black-24.8.0-cp310-cp310-macosx_11_0_arm64.whl", hash = "sha256:81c6742da39f33b08e791da38410f32e27d632260e599df7245cccee2064afeb"},
    {file = "black-24.8.0-cp310-cp310-manylinux_2_17_x86_64.manylinux2014_x86_64.manylinux_2_28_x86_64.whl", hash = "sha256:707a1ca89221bc8a1a64fb5e15ef39cd755633daa672a9db7498d1c19de66a42"},
    {file = "black-24.8.0-cp310-cp310-win_amd64.whl", hash = "sha256:d6417535d99c37cee4091a2f24eb2b6d5ec42b144d50f1f2e436d9fe1916fe1a"},
    {file = "black-24.8.0-cp311-cp311-macosx_10_9_x86_64.whl", hash = "sha256:fb6e2c0b86bbd43dee042e48059c9ad7830abd5c94b0bc518c0eeec57c3eddc1"},
    {file = "black-24.8.0-cp311-cp311-macosx_11_0_arm64.whl", hash = "sha256:837fd281f1908d0076844bc2b801ad2d369c78c45cf800cad7b61686051041af"},
    {file = "black-24.8.0-cp311-cp311-manylinux_2_17_x86_64.manylinux2014_x86_64.manylinux_2_28_x86_64.whl", hash = "sha256:62e8730977f0b77998029da7971fa896ceefa2c4c4933fcd593fa599ecbf97a4"},
    {file = "black-24.8.0-cp311-cp311-win_amd64.whl", hash = "sha256:72901b4913cbac8972ad911dc4098d5753704d1f3c56e44ae8dce99eecb0e3af"},
    {file = "black-24.8.0-cp312-cp312-macosx_10_9_x86_64.whl", hash = "sha256:7c046c1d1eeb7aea9335da62472481d3bbf3fd986e093cffd35f4385c94ae368"},
    {file = "black-24.8.0-cp312-cp312-macosx_11_0_arm64.whl", hash = "sha256:649f6d84ccbae73ab767e206772cc2d7a393a001070a4c814a546afd0d423aed"},
    {file = "black-24.8.0-cp312-cp312-manylinux_2_17_x86_64.manylinux2014_x86_64.manylinux_2_28_x86_64.whl", hash = "sha256:2b59b250fdba5f9a9cd9d0ece6e6d993d91ce877d121d161e4698af3eb9c1018"},
    {file = "black-24.8.0-cp312-cp312-win_amd64.whl", hash = "sha256:6e55d30d44bed36593c3163b9bc63bf58b3b30e4611e4d88a0c3c239930ed5b2"},
    {file = "black-24.8.0-cp39-cp39-macosx_10_9_x86_64.whl", hash = "sha256:eab4dd44ce80dea27dc69db40dab62d4ca96112f87996bca68cd75639aeb2e4c"},
    {file = "black-24.8.0-cp39-cp39-macosx_11_0_arm64.whl", hash = "sha256:3c4285573d4897a7610054af5a890bde7c65cb466040c5f0c8b732812d7f0e5e"},
    {file = "black-24.8.0-cp39-cp39-manylinux_2_17_x86_64.manylinux2014_x86_64.manylinux_2_28_x86_64.whl", hash = "sha256:9e84e33b37be070ba135176c123ae52a51f82306def9f7d063ee302ecab2cf47"},
    {file = "black-24.8.0-cp39-cp39-win_amd64.whl", hash = "sha256:73bbf84ed136e45d451a260c6b73ed674652f90a2b3211d6a35e78054563a9bb"},
    {file = "black-24.8.0-py3-none-any.whl", hash = "sha256:972085c618ee94f402da1af548a4f218c754ea7e5dc70acb168bfaca4c2542ed"},
    {file = "black-24.8.0.tar.gz", hash = "sha256:2500945420b6784c38b9ee885af039f5e7471ef284ab03fa35ecdde4688cd83f"},
]

[[package]]
name = "click"
version = "8.1.7"
requires_python = ">=3.7"
summary = "Composable command line interface toolkit"
groups = ["dev"]
dependencies = [
    "colorama; platform_system == \"Windows\"",
    "importlib-metadata; python_version < \"3.8\"",
]
files = [
    {file = "click-8.1.7-py3-none-any.whl", hash = "sha256:ae74fb96c20a0277a1d615f1e4d73c8414f5a98db8b799a7931d1582f3390c28"},
    {file = "click-8.1.7.tar.gz", hash = "sha256:ca9853ad459e787e2192211578cc907e7594e294c7ccc834310722b41b9ca6de"},
]

[[package]]
name = "colorama"
version = "0.4.6"
requires_python = "!=3.0.*,!=3.1.*,!=3.2.*,!=3.3.*,!=3.4.*,!=3.5.*,!=3.6.*,>=2.7"
summary = "Cross-platform colored terminal text."
groups = ["dev"]
marker = "sys_platform == \"win32\" or platform_system == \"Windows\""
files = [
    {file = "colorama-0.4.6-py2.py3-none-any.whl", hash = "sha256:4f1d9991f5acc0ca119f9d443620b77f9d6b33703e51011c16baf57afb285fc6"},
    {file = "colorama-0.4.6.tar.gz", hash = "sha256:08695f5cb7ed6e0531a20572697297273c47b8cae5a63ffc6d6ed5c201be6e44"},
]

[[package]]
name = "coverage"
version = "7.0.5"
requires_python = ">=3.7"
summary = "Code coverage measurement for Python"
groups = ["dev"]
files = [
    {file = "coverage-7.0.5-cp310-cp310-macosx_10_9_x86_64.whl", hash = "sha256:2a7f23bbaeb2a87f90f607730b45564076d870f1fb07b9318d0c21f36871932b"},
    {file = "coverage-7.0.5-cp310-cp310-macosx_11_0_arm64.whl", hash = "sha256:c18d47f314b950dbf24a41787ced1474e01ca816011925976d90a88b27c22b89"},
    {file = "coverage-7.0.5-cp310-cp310-manylinux_2_17_aarch64.manylinux2014_aarch64.whl", hash = "sha256:ef14d75d86f104f03dea66c13188487151760ef25dd6b2dbd541885185f05f40"},
    {file = "coverage-7.0.5-cp310-cp310-manylinux_2_5_i686.manylinux1_i686.manylinux_2_17_i686.manylinux2014_i686.whl", hash = "sha256:66e50680e888840c0995f2ad766e726ce71ca682e3c5f4eee82272c7671d38a2"},
    {file = "coverage-7.0.5-cp310-cp310-manylinux_2_5_x86_64.manylinux1_x86_64.manylinux_2_17_x86_64.manylinux2014_x86_64.whl", hash = "sha256:a9fed35ca8c6e946e877893bbac022e8563b94404a605af1d1e6accc7eb73289"},
    {file = "coverage-7.0.5-cp310-cp310-musllinux_1_1_aarch64.whl", hash = "sha256:d8d04e755934195bdc1db45ba9e040b8d20d046d04d6d77e71b3b34a8cc002d0"},
    {file = "coverage-7.0.5-cp310-cp310-musllinux_1_1_i686.whl", hash = "sha256:7e109f1c9a3ece676597831874126555997c48f62bddbcace6ed17be3e372de8"},
    {file = "coverage-7.0.5-cp310-cp310-musllinux_1_1_x86_64.whl", hash = "sha256:0a1890fca2962c4f1ad16551d660b46ea77291fba2cc21c024cd527b9d9c8809"},
    {file = "coverage-7.0.5-cp310-cp310-win32.whl", hash = "sha256:be9fcf32c010da0ba40bf4ee01889d6c737658f4ddff160bd7eb9cac8f094b21"},
    {file = "coverage-7.0.5-cp310-cp310-win_amd64.whl", hash = "sha256:cbfcba14a3225b055a28b3199c3d81cd0ab37d2353ffd7f6fd64844cebab31ad"},
    {file = "coverage-7.0.5-cp311-cp311-macosx_10_9_x86_64.whl", hash = "sha256:30b5fec1d34cc932c1bc04017b538ce16bf84e239378b8f75220478645d11fca"},
    {file = "coverage-7.0.5-cp311-cp311-macosx_11_0_arm64.whl", hash = "sha256:1caed2367b32cc80a2b7f58a9f46658218a19c6cfe5bc234021966dc3daa01f0"},
    {file = "coverage-7.0.5-cp311-cp311-manylinux_2_17_aarch64.manylinux2014_aarch64.whl", hash = "sha256:d254666d29540a72d17cc0175746cfb03d5123db33e67d1020e42dae611dc196"},
    {file = "coverage-7.0.5-cp311-cp311-manylinux_2_5_i686.manylinux1_i686.manylinux_2_17_i686.manylinux2014_i686.whl", hash = "sha256:19245c249aa711d954623d94f23cc94c0fd65865661f20b7781210cb97c471c0"},
    {file = "coverage-7.0.5-cp311-cp311-manylinux_2_5_x86_64.manylinux1_x86_64.manylinux_2_17_x86_64.manylinux2014_x86_64.whl", hash = "sha256:7b05ed4b35bf6ee790832f68932baf1f00caa32283d66cc4d455c9e9d115aafc"},
    {file = "coverage-7.0.5-cp311-cp311-musllinux_1_1_aarch64.whl", hash = "sha256:29de916ba1099ba2aab76aca101580006adfac5646de9b7c010a0f13867cba45"},
    {file = "coverage-7.0.5-cp311-cp311-musllinux_1_1_i686.whl", hash = "sha256:e057e74e53db78122a3979f908973e171909a58ac20df05c33998d52e6d35757"},
    {file = "coverage-7.0.5-cp311-cp311-musllinux_1_1_x86_64.whl", hash = "sha256:411d4ff9d041be08fdfc02adf62e89c735b9468f6d8f6427f8a14b6bb0a85095"},
    {file = "coverage-7.0.5-cp311-cp311-win32.whl", hash = "sha256:52ab14b9e09ce052237dfe12d6892dd39b0401690856bcfe75d5baba4bfe2831"},
    {file = "coverage-7.0.5-cp311-cp311-win_amd64.whl", hash = "sha256:1f66862d3a41674ebd8d1a7b6f5387fe5ce353f8719040a986551a545d7d83ea"},
    {file = "coverage-7.0.5-cp39-cp39-macosx_10_9_x86_64.whl", hash = "sha256:3c2155943896ac78b9b0fd910fb381186d0c345911f5333ee46ac44c8f0e43ab"},
    {file = "coverage-7.0.5-cp39-cp39-macosx_11_0_arm64.whl", hash = "sha256:54f7e9705e14b2c9f6abdeb127c390f679f6dbe64ba732788d3015f7f76ef637"},
    {file = "coverage-7.0.5-cp39-cp39-manylinux_2_17_aarch64.manylinux2014_aarch64.whl", hash = "sha256:0ee30375b409d9a7ea0f30c50645d436b6f5dfee254edffd27e45a980ad2c7f4"},
    {file = "coverage-7.0.5-cp39-cp39-manylinux_2_5_i686.manylinux1_i686.manylinux_2_17_i686.manylinux2014_i686.whl", hash = "sha256:b78729038abea6a5df0d2708dce21e82073463b2d79d10884d7d591e0f385ded"},
    {file = "coverage-7.0.5-cp39-cp39-manylinux_2_5_x86_64.manylinux1_x86_64.manylinux_2_17_x86_64.manylinux2014_x86_64.whl", hash = "sha256:13250b1f0bd023e0c9f11838bdeb60214dd5b6aaf8e8d2f110c7e232a1bff83b"},
    {file = "coverage-7.0.5-cp39-cp39-musllinux_1_1_aarch64.whl", hash = "sha256:2c407b1950b2d2ffa091f4e225ca19a66a9bd81222f27c56bd12658fc5ca1209"},
    {file = "coverage-7.0.5-cp39-cp39-musllinux_1_1_i686.whl", hash = "sha256:c76a3075e96b9c9ff00df8b5f7f560f5634dffd1658bafb79eb2682867e94f78"},
    {file = "coverage-7.0.5-cp39-cp39-musllinux_1_1_x86_64.whl", hash = "sha256:f26648e1b3b03b6022b48a9b910d0ae209e2d51f50441db5dce5b530fad6d9b1"},
    {file = "coverage-7.0.5-cp39-cp39-win32.whl", hash = "sha256:ba3027deb7abf02859aca49c865ece538aee56dcb4871b4cced23ba4d5088904"},
    {file = "coverage-7.0.5-cp39-cp39-win_amd64.whl", hash = "sha256:949844af60ee96a376aac1ded2a27e134b8c8d35cc006a52903fc06c24a3296f"},
    {file = "coverage-7.0.5-pp37.pp38.pp39-none-any.whl", hash = "sha256:b9727ac4f5cf2cbf87880a63870b5b9730a8ae3a4a360241a0fdaa2f71240ff0"},
    {file = "coverage-7.0.5.tar.gz", hash = "sha256:051afcbd6d2ac39298d62d340f94dbb6a1f31de06dfaf6fcef7b759dd3860c45"},
]

[[package]]
name = "elaina-segment"
version = "0.1.2"
requires_python = ">=3.9"
summary = "Default template for PDM package"
groups = ["default"]
files = [
    {file = "elaina_segment-0.1.2-cp310-cp310-macosx_10_9_x86_64.whl", hash = "sha256:de1ae457f0843ae6eb678802445fa1b3d3e87525f0a50ff2b77bc8dd617b5b03"},
    {file = "elaina_segment-0.1.2-cp310-cp310-macosx_11_0_arm64.whl", hash = "sha256:820aa0e3077d9b352f350ecf561e7957eb45d39ac8c5ad55e70050ec902f9f30"},
    {file = "elaina_segment-0.1.2-cp310-cp310-manylinux_2_17_x86_64.manylinux2014_x86_64.whl", hash = "sha256:5b70dd6c615716665b0fc2cd5eaddfb78a44a31911ca08caec3a83d0c315a242"},
    {file = "elaina_segment-0.1.2-cp310-cp310-manylinux_2_5_i686.manylinux1_i686.manylinux_2_17_i686.manylinux2014_i686.whl", hash = "sha256:c9e499a99ca81afba407662f82f7a54f8920a699c3455406ef53ff309ebb695c"},
    {file = "elaina_segment-0.1.2-cp310-cp310-musllinux_1_2_i686.whl", hash = "sha256:38172f7def5d70ace966439917b0d4a8b1e6fc0eeddb8fb59096eb57ccbedae4"},
    {file = "elaina_segment-0.1.2-cp310-cp310-musllinux_1_2_x86_64.whl", hash = "sha256:d5e5a66135c16a2e1b2a8423e1cbaf33caaeb71916dd2e262ddb457f66528f22"},
    {file = "elaina_segment-0.1.2-cp310-cp310-win32.whl", hash = "sha256:a0d988ba072583243a19fb1c09e66efa655b0542174a6c4d0e54c6bb5474808e"},
    {file = "elaina_segment-0.1.2-cp310-cp310-win_amd64.whl", hash = "sha256:a5cf333dd2468b64c17d3334e180ab8fac0abb5448b9d3488a00628eb87e342d"},
    {file = "elaina_segment-0.1.2-cp311-cp311-macosx_10_9_x86_64.whl", hash = "sha256:b49991cf9f837366baa03d9411d11dc8469a7186c14c1342d2e9bad91fbfe722"},
    {file = "elaina_segment-0.1.2-cp311-cp311-macosx_11_0_arm64.whl", hash = "sha256:72d7b23e4a3b3f206edebdc4260b86f0c34a8f9835cd37bffc8b9f1b8a8c70b1"},
    {file = "elaina_segment-0.1.2-cp311-cp311-manylinux_2_17_x86_64.manylinux2014_x86_64.whl", hash = "sha256:a24affed505a4836ee988deea92bf70b878534514f1c6d50e0d7ac36ffe73574"},
    {file = "elaina_segment-0.1.2-cp311-cp311-manylinux_2_5_i686.manylinux1_i686.manylinux_2_17_i686.manylinux2014_i686.whl", hash = "sha256:6461ba697b45fe979bc641bd18e272086b8076fd03047e6e4ee439b67e0b1b14"},
    {file = "elaina_segment-0.1.2-cp311-cp311-musllinux_1_2_i686.whl", hash = "sha256:d54930248c78da216e29e62350814e4a232a95152d20534cc98788a299445322"},
    {file = "elaina_segment-0.1.2-cp311-cp311-musllinux_1_2_x86_64.whl", hash = "sha256:73cdea86d5b96af7a347b9cbde67c4c7e0b712ec2ad4691b765c7355b14a29c5"},
    {file = "elaina_segment-0.1.2-cp311-cp311-win32.whl", hash = "sha256:a9d055d7b13354c0bdede8158820fed24e1dbc91904bea1ea37dda012b7fdc67"},
    {file = "elaina_segment-0.1.2-cp311-cp311-win_amd64.whl", hash = "sha256:cba805e5e69297481641d1926d8d5ef0c234d67bdf8625f1118134adc789b3fb"},
    {file = "elaina_segment-0.1.2-cp312-cp312-macosx_10_13_x86_64.whl", hash = "sha256:36a3a5a1fc0b60dfc48f53d5b343e5503cafa238eb2a3a29d314d7e2937debcb"},
    {file = "elaina_segment-0.1.2-cp312-cp312-macosx_11_0_arm64.whl", hash = "sha256:f6061b4d0fcec020cdb09aa880b2c15ccbd61938eecf93a5b78d54aca8072e2e"},
    {file = "elaina_segment-0.1.2-cp312-cp312-manylinux_2_17_x86_64.manylinux2014_x86_64.whl", hash = "sha256:464513bf52c0455bce023c385d08200b808a8482b5b61bceaa73259fde10a637"},
    {file = "elaina_segment-0.1.2-cp312-cp312-manylinux_2_5_i686.manylinux1_i686.manylinux_2_17_i686.manylinux2014_i686.whl", hash = "sha256:51732e1a1b3ccade1dec0361cb1026ced83df3be5cbd63c7108a104b4616318d"},
    {file = "elaina_segment-0.1.2-cp312-cp312-musllinux_1_2_i686.whl", hash = "sha256:f0c6284acb83f790c6cc5b6eb61c9c9034ad8d94c610520a3af215b9d9b79745"},
    {file = "elaina_segment-0.1.2-cp312-cp312-musllinux_1_2_x86_64.whl", hash = "sha256:5ad112e986c2d389a914f86d759cc7eead721f108b1738cddbfb765e10b829ae"},
    {file = "elaina_segment-0.1.2-cp312-cp312-win32.whl", hash = "sha256:c64f5e0665c2753c44428e19ca490843566576cf2903eb83bb17f666bd056cc3"},
    {file = "elaina_segment-0.1.2-cp312-cp312-win_amd64.whl", hash = "sha256:dcffa6e636ae21439337ca6d4604cf91c670378bafa5414d27c0d5eaedfd75d9"},
    {file = "elaina_segment-0.1.2-cp313-cp313-macosx_10_13_x86_64.whl", hash = "sha256:9f6fadfd007848d86bc1d2dbe4afa346bfe3073deb35e2fded3d07698d5e73b1"},
    {file = "elaina_segment-0.1.2-cp313-cp313-macosx_11_0_arm64.whl", hash = "sha256:d70552dd008099a4b453c21199d53246a3ae40173de2a51efe3a155295caee71"},
    {file = "elaina_segment-0.1.2-cp313-cp313-manylinux_2_17_x86_64.manylinux2014_x86_64.whl", hash = "sha256:714624f63c18c71ee0ccf8af5f553b5cbaeaa5f92d73b030805136a030a7ee66"},
    {file = "elaina_segment-0.1.2-cp313-cp313-manylinux_2_5_i686.manylinux1_i686.manylinux_2_17_i686.manylinux2014_i686.whl", hash = "sha256:cee78323247eaab39354ea376f516dba1100d900912e956b26fc6cf8293f3ba5"},
    {file = "elaina_segment-0.1.2-cp313-cp313-musllinux_1_2_i686.whl", hash = "sha256:225370980789d70aacafc9811c4237d25b4ac95cb90dbc77f9fbaac79a52d868"},
    {file = "elaina_segment-0.1.2-cp313-cp313-musllinux_1_2_x86_64.whl", hash = "sha256:bb7b6b456f015007017b8a182ac5b4502eb3bf9ec8c95ac971d17f1b58ebbb95"},
    {file = "elaina_segment-0.1.2-cp313-cp313-win32.whl", hash = "sha256:70f4e3732641e3077a5f407ba3e374a14417571f37de4260602ebfcdae5077cc"},
    {file = "elaina_segment-0.1.2-cp313-cp313-win_amd64.whl", hash = "sha256:1c82d1207bcc6fe5d1d290aa7a408f9438c45dd26c6ecf7cbd68640dd73fdb44"},
    {file = "elaina_segment-0.1.2-cp39-cp39-macosx_10_9_x86_64.whl", hash = "sha256:b148523ad82c99b28705843d2a93b377498cd433762c695290ab4a5180ff383d"},
    {file = "elaina_segment-0.1.2-cp39-cp39-macosx_11_0_arm64.whl", hash = "sha256:610a18de3b95ba9275bc480229bfd48c22a8132a8a58fd0509387e8fa0e13b24"},
    {file = "elaina_segment-0.1.2-cp39-cp39-manylinux_2_17_x86_64.manylinux2014_x86_64.whl", hash = "sha256:3bc72060419a125b38a24e9a0175601e06ec81433865f3f5eb3ca0d681ed9eca"},
    {file = "elaina_segment-0.1.2-cp39-cp39-manylinux_2_5_i686.manylinux1_i686.manylinux_2_17_i686.manylinux2014_i686.whl", hash = "sha256:2d35e3d5aa9e739100a9b183bad860f9ff9c01ae4e5165a95179a8ab95e52ce6"},
    {file = "elaina_segment-0.1.2-cp39-cp39-musllinux_1_2_i686.whl", hash = "sha256:35dcf6b1fd5e36473baf0f14197314878f4e78c3106eebf08fb2df51fb6599de"},
    {file = "elaina_segment-0.1.2-cp39-cp39-musllinux_1_2_x86_64.whl", hash = "sha256:ff177bba2cc2f45b9602181a7fd37ce6ae71d7007d25d9813fbe5202ab9528f0"},
    {file = "elaina_segment-0.1.2-cp39-cp39-win32.whl", hash = "sha256:1b04a4c62278a7aecf3153680f78225a3a6a734eb97007d406a823a9bd0e4e4b"},
    {file = "elaina_segment-0.1.2-cp39-cp39-win_amd64.whl", hash = "sha256:db80a4da2f131a8347b93b1b62cfc14d1a31ca85b4863a856a4ed6602e4f44d8"},
]

[[package]]
name = "elaina-triehard"
version = "0.1.2"
requires_python = ">=3.9"
summary = "Default template for PDM package"
groups = ["default"]
files = [
    {file = "elaina_triehard-0.1.2-cp310-cp310-macosx_10_9_x86_64.whl", hash = "sha256:69d7acefbe2a52a22f3633026684efbfae09963e520a218bbc284adffb8ed918"},
    {file = "elaina_triehard-0.1.2-cp310-cp310-macosx_11_0_arm64.whl", hash = "sha256:8d9ad0fc7ac129226a4c860621d1882b3054e96c59d7fd88822a88ae3e31ff34"},
    {file = "elaina_triehard-0.1.2-cp310-cp310-manylinux_2_17_x86_64.manylinux2014_x86_64.whl", hash = "sha256:30264866c07f210a5990765d151f0c7aa213c990313b0dffc039f300ae4a2fa7"},
    {file = "elaina_triehard-0.1.2-cp310-cp310-manylinux_2_5_i686.manylinux1_i686.manylinux_2_17_i686.manylinux2014_i686.whl", hash = "sha256:ebd5cc933b0f0eb8b9d90bfad890778edf2ab3c118914d454f6cb5e81a4a6b98"},
    {file = "elaina_triehard-0.1.2-cp310-cp310-musllinux_1_2_i686.whl", hash = "sha256:07a06a52ef62d1b9b735e08ffebde90a8711955a3ca49af683d5664914a5cc8e"},
    {file = "elaina_triehard-0.1.2-cp310-cp310-musllinux_1_2_x86_64.whl", hash = "sha256:125bb26efcf21c4a62d76ae6eced00b33fb239d7932f42e77e273d819f4fec83"},
    {file = "elaina_triehard-0.1.2-cp310-cp310-win32.whl", hash = "sha256:4e9bda3f211331e048bbd9b79b56eee4d272c4191e9a09968be3fc2e6b0ea986"},
    {file = "elaina_triehard-0.1.2-cp310-cp310-win_amd64.whl", hash = "sha256:26768f4740d00071acdc6e282c51efdbf382b1f1fda522a22fb5960fde3838a6"},
    {file = "elaina_triehard-0.1.2-cp311-cp311-macosx_10_9_x86_64.whl", hash = "sha256:1c4aef3f09361bd378011eac76ec88b7c3a5e049a2b07e19afac10c6d13f33b2"},
    {file = "elaina_triehard-0.1.2-cp311-cp311-macosx_11_0_arm64.whl", hash = "sha256:d43e93e607fddd53f9a412ce8f4cdab29c5bceb3996a04a138bc3f551f154f26"},
    {file = "elaina_triehard-0.1.2-cp311-cp311-manylinux_2_17_x86_64.manylinux2014_x86_64.whl", hash = "sha256:f27a2c712bc6b5a772983e1771a430a120a1e2e7855e975cf7ed1b8cfedf73d6"},
    {file = "elaina_triehard-0.1.2-cp311-cp311-manylinux_2_5_i686.manylinux1_i686.manylinux_2_17_i686.manylinux2014_i686.whl", hash = "sha256:1ea32faabe57a6a71e0908c225415086a3e7df11a92a16ac7e2f0a34dcc15aef"},
    {file = "elaina_triehard-0.1.2-cp311-cp311-musllinux_1_2_i686.whl", hash = "sha256:6ad9ec7307dc01f9c033e15bb03a761e0f2158157013d66972c6614368f00685"},
    {file = "elaina_triehard-0.1.2-cp311-cp311-musllinux_1_2_x86_64.whl", hash = "sha256:30e00c9a01ca1f489ae76e0f182b48a23d6d528f30927186345fa331a3a62250"},
    {file = "elaina_triehard-0.1.2-cp311-cp311-win32.whl", hash = "sha256:3dcddec7d21a410d55e427130ab19ca0805a9ab2f05a5f33b53680ee6888c294"},
    {file = "elaina_triehard-0.1.2-cp311-cp311-win_amd64.whl", hash = "sha256:957df2b0f277886d9b70314304d58a57c80e00021bda3ee810263744b6f9b014"},
    {file = "elaina_triehard-0.1.2-cp312-cp312-macosx_10_13_x86_64.whl", hash = "sha256:a5444c296f9e84c36912a165d035cb02e942e946aab307ed039c641c12eddcf8"},
    {file = "elaina_triehard-0.1.2-cp312-cp312-macosx_11_0_arm64.whl", hash = "sha256:062ba52ad128003988eef7ac58b87a058a9ceeb9b9688626ce0d8901f876c1f3"},
    {file = "elaina_triehard-0.1.2-cp312-cp312-manylinux_2_17_x86_64.manylinux2014_x86_64.whl", hash = "sha256:923385850173352b75d5db53b739f9ddbed609c1de08ffa124c7497f24d2dc02"},
    {file = "elaina_triehard-0.1.2-cp312-cp312-manylinux_2_5_i686.manylinux1_i686.manylinux_2_17_i686.manylinux2014_i686.whl", hash = "sha256:2860fd2d262e0af7e8fec9780af769b60d8ff23538b6e3ace601f0889bb4b932"},
    {file = "elaina_triehard-0.1.2-cp312-cp312-musllinux_1_2_i686.whl", hash = "sha256:21f230e644a74f083bf1ba20c47b951984c92e013790a113386adcdf126e10a5"},
    {file = "elaina_triehard-0.1.2-cp312-cp312-musllinux_1_2_x86_64.whl", hash = "sha256:e3ec3c9527d95bfde2b9db643b614ac5ab8fa2aeba98a6345a9b14dfa6a350dd"},
    {file = "elaina_triehard-0.1.2-cp312-cp312-win32.whl", hash = "sha256:2e00b107832ea7a92288a9680d226b48642e63472bb671ab74b24aec1fbce2e9"},
    {file = "elaina_triehard-0.1.2-cp312-cp312-win_amd64.whl", hash = "sha256:b549ae641aba5788b3da39338941c7a078048e892773140c15e1e68b90c68025"},
    {file = "elaina_triehard-0.1.2-cp313-cp313-macosx_10_13_x86_64.whl", hash = "sha256:d8da423214c43b564bd816fdd1f5b48e4d8128df8ed2e5d65aaf0af266931ddb"},
    {file = "elaina_triehard-0.1.2-cp313-cp313-macosx_11_0_arm64.whl", hash = "sha256:54934f001ae6c37d0dc6f2117ae4e08e12f53d94d6d70cd63f7c287c64b56016"},
    {file = "elaina_triehard-0.1.2-cp313-cp313-manylinux_2_17_x86_64.manylinux2014_x86_64.whl", hash = "sha256:0e293fe5b345fe7f65bb8eb30957ff0bf1f70b4b033371dc5180d94c784aa6ee"},
    {file = "elaina_triehard-0.1.2-cp313-cp313-manylinux_2_5_i686.manylinux1_i686.manylinux_2_17_i686.manylinux2014_i686.whl", hash = "sha256:d1e2017d15a8e5bc845a48401036093f9264ff680e25ec57178c6fcbaf3f0a95"},
    {file = "elaina_triehard-0.1.2-cp313-cp313-musllinux_1_2_i686.whl", hash = "sha256:4fc1ab913b295f38856526ee948aba46b0a28e540038a214e65f75bff26657bf"},
    {file = "elaina_triehard-0.1.2-cp313-cp313-musllinux_1_2_x86_64.whl", hash = "sha256:5e8bf3de7ad945531f08306861b0e021adb7e0860df6929805975feb79ca3377"},
    {file = "elaina_triehard-0.1.2-cp313-cp313-win32.whl", hash = "sha256:876379e8adfdb58f3cfbfc2a76b8387a4d93982deb4bd5594a2681804aae6570"},
    {file = "elaina_triehard-0.1.2-cp313-cp313-win_amd64.whl", hash = "sha256:9593cdc8e35c14fb8f9b2dff333d69bf97f69a788a100a77996f875ee0cf7823"},
    {file = "elaina_triehard-0.1.2-cp39-cp39-macosx_10_9_x86_64.whl", hash = "sha256:094cdd0743a3bffef4a9dc0123e792945efb06305f27452ecf9f124399c3df83"},
    {file = "elaina_triehard-0.1.2-cp39-cp39-macosx_11_0_arm64.whl", hash = "sha256:9e10aa006d0c1b42851e47c10f67c4e656e019245da62fe8037d17dde1b5375c"},
    {file = "elaina_triehard-0.1.2-cp39-cp39-manylinux_2_17_x86_64.manylinux2014_x86_64.whl", hash = "sha256:e7828933aa94e4950e92a07f49b1d640952d48a4a1e512f26be77769cd9374ab"},
    {file = "elaina_triehard-0.1.2-cp39-cp39-manylinux_2_5_i686.manylinux1_i686.manylinux_2_17_i686.manylinux2014_i686.whl", hash = "sha256:88e49aee067ee8fe74ecd6372ec1bac120035d88386a806fbc1413363b825c58"},
    {file = "elaina_triehard-0.1.2-cp39-cp39-musllinux_1_2_i686.whl", hash = "sha256:d7bdf5da43c4705bc9241ce2be40d282672355caf09779dc97875661d293d855"},
    {file = "elaina_triehard-0.1.2-cp39-cp39-musllinux_1_2_x86_64.whl", hash = "sha256:80cdcac2dc15cad86cec8295a61d0639a2248defe19f45d2e1b0ffce870e8c33"},
    {file = "elaina_triehard-0.1.2-cp39-cp39-win32.whl", hash = "sha256:9dfd829a33aaea7c797d3c6512e2c16d9ddd626a24579ceb03ec75ece34c50ea"},
    {file = "elaina_triehard-0.1.2-cp39-cp39-win_amd64.whl", hash = "sha256:488790b0ce3aa11230286978c2daff0b1c85b4aba08b1224e16a10912f30200a"},
]

[[package]]
name = "exceptiongroup"
version = "1.2.0"
requires_python = ">=3.7"
summary = "Backport of PEP 654 (exception groups)"
groups = ["dev"]
marker = "python_version < \"3.11\""
files = [
    {file = "exceptiongroup-1.2.0-py3-none-any.whl", hash = "sha256:4bfd3996ac73b41e9b9628b04e079f193850720ea5945fc96a08633c66912f14"},
    {file = "exceptiongroup-1.2.0.tar.gz", hash = "sha256:91f5c769735f051a4290d52edd0858999b57e5876e9f85937691bd4c9fa3ed68"},
]

[[package]]
name = "fix-future-annotations"
version = "0.5.0"
requires_python = ">=3.8"
summary = "A CLI and pre-commit hook to upgrade the typing annotations syntax to PEP 585 and PEP 604"
groups = ["dev"]
dependencies = [
    "tokenize-rt>=5.0.0",
    "tomli; python_version < \"3.11\"",
]
files = [
    {file = "fix-future-annotations-0.5.0.tar.gz", hash = "sha256:666bf5fd09068f3403b34b2dc69844955a4a7bac4df28dd345183bd18172cbfd"},
    {file = "fix_future_annotations-0.5.0-py3-none-any.whl", hash = "sha256:45b5e73b36c514a23c2fbb2b7ff26448496399bda3b98a7b78a14439639f2e59"},
]

[[package]]
name = "iniconfig"
version = "2.0.0"
requires_python = ">=3.7"
summary = "brain-dead simple config-ini parsing"
groups = ["dev"]
files = [
    {file = "iniconfig-2.0.0-py3-none-any.whl", hash = "sha256:b6a85871a79d2e3b22d2d1b94ac2824226a63c6b741c88f7ae975f18b6778374"},
    {file = "iniconfig-2.0.0.tar.gz", hash = "sha256:2d91e135bf72d31a410b17c16da610a82cb55f6b0477d1a902134b24a455b8b3"},
]

[[package]]
name = "isort"
version = "5.13.2"
requires_python = ">=3.8.0"
summary = "A Python utility / library to sort Python imports."
groups = ["dev"]
files = [
    {file = "isort-5.13.2-py3-none-any.whl", hash = "sha256:8ca5e72a8d85860d5a3fa69b8745237f2939afe12dbf656afbcb47fe72d947a6"},
    {file = "isort-5.13.2.tar.gz", hash = "sha256:48fdfcb9face5d58a4f6dde2e72a1fb8dcaf8ab26f95ab49fab84c2ddefb0109"},
]

[[package]]
name = "msgspec"
version = "0.18.6"
requires_python = ">=3.8"
summary = "A fast serialization and validation library, with builtin support for JSON, MessagePack, YAML, and TOML."
groups = ["dev"]
files = [
    {file = "msgspec-0.18.6-cp310-cp310-macosx_10_9_x86_64.whl", hash = "sha256:77f30b0234eceeff0f651119b9821ce80949b4d667ad38f3bfed0d0ebf9d6d8f"},
    {file = "msgspec-0.18.6-cp310-cp310-macosx_11_0_arm64.whl", hash = "sha256:1a76b60e501b3932782a9da039bd1cd552b7d8dec54ce38332b87136c64852dd"},
    {file = "msgspec-0.18.6-cp310-cp310-manylinux_2_17_aarch64.manylinux2014_aarch64.whl", hash = "sha256:06acbd6edf175bee0e36295d6b0302c6de3aaf61246b46f9549ca0041a9d7177"},
    {file = "msgspec-0.18.6-cp310-cp310-manylinux_2_17_x86_64.manylinux2014_x86_64.whl", hash = "sha256:40a4df891676d9c28a67c2cc39947c33de516335680d1316a89e8f7218660410"},
    {file = "msgspec-0.18.6-cp310-cp310-musllinux_1_1_aarch64.whl", hash = "sha256:a6896f4cd5b4b7d688018805520769a8446df911eb93b421c6c68155cdf9dd5a"},
    {file = "msgspec-0.18.6-cp310-cp310-musllinux_1_1_x86_64.whl", hash = "sha256:3ac4dd63fd5309dd42a8c8c36c1563531069152be7819518be0a9d03be9788e4"},
    {file = "msgspec-0.18.6-cp310-cp310-win_amd64.whl", hash = "sha256:fda4c357145cf0b760000c4ad597e19b53adf01382b711f281720a10a0fe72b7"},
    {file = "msgspec-0.18.6-cp311-cp311-macosx_10_9_x86_64.whl", hash = "sha256:e77e56ffe2701e83a96e35770c6adb655ffc074d530018d1b584a8e635b4f36f"},
    {file = "msgspec-0.18.6-cp311-cp311-macosx_11_0_arm64.whl", hash = "sha256:d5351afb216b743df4b6b147691523697ff3a2fc5f3d54f771e91219f5c23aaa"},
    {file = "msgspec-0.18.6-cp311-cp311-manylinux_2_17_aarch64.manylinux2014_aarch64.whl", hash = "sha256:c3232fabacef86fe8323cecbe99abbc5c02f7698e3f5f2e248e3480b66a3596b"},
    {file = "msgspec-0.18.6-cp311-cp311-manylinux_2_17_x86_64.manylinux2014_x86_64.whl", hash = "sha256:e3b524df6ea9998bbc99ea6ee4d0276a101bcc1aa8d14887bb823914d9f60d07"},
    {file = "msgspec-0.18.6-cp311-cp311-musllinux_1_1_aarch64.whl", hash = "sha256:37f67c1d81272131895bb20d388dd8d341390acd0e192a55ab02d4d6468b434c"},
    {file = "msgspec-0.18.6-cp311-cp311-musllinux_1_1_x86_64.whl", hash = "sha256:d0feb7a03d971c1c0353de1a8fe30bb6579c2dc5ccf29b5f7c7ab01172010492"},
    {file = "msgspec-0.18.6-cp311-cp311-win_amd64.whl", hash = "sha256:41cf758d3f40428c235c0f27bc6f322d43063bc32da7b9643e3f805c21ed57b4"},
    {file = "msgspec-0.18.6-cp312-cp312-macosx_10_9_x86_64.whl", hash = "sha256:d86f5071fe33e19500920333c11e2267a31942d18fed4d9de5bc2fbab267d28c"},
    {file = "msgspec-0.18.6-cp312-cp312-macosx_11_0_arm64.whl", hash = "sha256:ce13981bfa06f5eb126a3a5a38b1976bddb49a36e4f46d8e6edecf33ccf11df1"},
    {file = "msgspec-0.18.6-cp312-cp312-manylinux_2_17_aarch64.manylinux2014_aarch64.whl", hash = "sha256:e97dec6932ad5e3ee1e3c14718638ba333befc45e0661caa57033cd4cc489466"},
    {file = "msgspec-0.18.6-cp312-cp312-manylinux_2_17_x86_64.manylinux2014_x86_64.whl", hash = "sha256:ad237100393f637b297926cae1868b0d500f764ccd2f0623a380e2bcfb2809ca"},
    {file = "msgspec-0.18.6-cp312-cp312-musllinux_1_1_aarch64.whl", hash = "sha256:db1d8626748fa5d29bbd15da58b2d73af25b10aa98abf85aab8028119188ed57"},
    {file = "msgspec-0.18.6-cp312-cp312-musllinux_1_1_x86_64.whl", hash = "sha256:d70cb3d00d9f4de14d0b31d38dfe60c88ae16f3182988246a9861259c6722af6"},
    {file = "msgspec-0.18.6-cp312-cp312-win_amd64.whl", hash = "sha256:1003c20bfe9c6114cc16ea5db9c5466e49fae3d7f5e2e59cb70693190ad34da0"},
    {file = "msgspec-0.18.6-cp39-cp39-macosx_10_9_x86_64.whl", hash = "sha256:974d3520fcc6b824a6dedbdf2b411df31a73e6e7414301abac62e6b8d03791b4"},
    {file = "msgspec-0.18.6-cp39-cp39-macosx_11_0_arm64.whl", hash = "sha256:fd62e5818731a66aaa8e9b0a1e5543dc979a46278da01e85c3c9a1a4f047ef7e"},
    {file = "msgspec-0.18.6-cp39-cp39-manylinux_2_17_aarch64.manylinux2014_aarch64.whl", hash = "sha256:7481355a1adcf1f08dedd9311193c674ffb8bf7b79314b4314752b89a2cf7f1c"},
    {file = "msgspec-0.18.6-cp39-cp39-manylinux_2_17_x86_64.manylinux2014_x86_64.whl", hash = "sha256:6aa85198f8f154cf35d6f979998f6dadd3dc46a8a8c714632f53f5d65b315c07"},
    {file = "msgspec-0.18.6-cp39-cp39-musllinux_1_1_aarch64.whl", hash = "sha256:0e24539b25c85c8f0597274f11061c102ad6b0c56af053373ba4629772b407be"},
    {file = "msgspec-0.18.6-cp39-cp39-musllinux_1_1_x86_64.whl", hash = "sha256:c61ee4d3be03ea9cd089f7c8e36158786cd06e51fbb62529276452bbf2d52ece"},
    {file = "msgspec-0.18.6-cp39-cp39-win_amd64.whl", hash = "sha256:b5c390b0b0b7da879520d4ae26044d74aeee5144f83087eb7842ba59c02bc090"},
    {file = "msgspec-0.18.6.tar.gz", hash = "sha256:a59fc3b4fcdb972d09138cb516dbde600c99d07c38fd9372a6ef500d2d031b4e"},
]

[[package]]
name = "mypy-extensions"
version = "1.0.0"
requires_python = ">=3.5"
summary = "Type system extensions for programs checked with the mypy type checker."
groups = ["dev"]
files = [
    {file = "mypy_extensions-1.0.0-py3-none-any.whl", hash = "sha256:4392f6c0eb8a5668a69e23d168ffa70f0be9ccfd32b5cc2d26a34ae5b844552d"},
    {file = "mypy_extensions-1.0.0.tar.gz", hash = "sha256:75dbf8955dc00442a438fc4d0666508a9a97b6bd41aa2f0ffe9d2f2725af0782"},
]

[[package]]
name = "nepattern"
version = "0.7.6"
requires_python = ">=3.8"
summary = "a complex pattern, support typing"
groups = ["default", "full"]
dependencies = [
    "tarina>=0.5.1",
    "typing-extensions>=4.5.0",
]
files = [
    {file = "nepattern-0.7.6-py3-none-any.whl", hash = "sha256:233d0befecc190f228ded3651a85faaf53f1308bba40ab8ddec379d0d3c88051"},
    {file = "nepattern-0.7.6.tar.gz", hash = "sha256:07bd5b2f3b9b9739b703bf723ffd642ca93738a32df7b699d57d6f338d46bad0"},
]

[[package]]
name = "packaging"
version = "23.2"
requires_python = ">=3.7"
summary = "Core utilities for Python packages"
groups = ["dev"]
files = [
    {file = "packaging-23.2-py3-none-any.whl", hash = "sha256:8c491190033a9af7e1d931d0b5dacc2ef47509b34dd0de67ed209b5203fc88c7"},
    {file = "packaging-23.2.tar.gz", hash = "sha256:048fb0e9405036518eaaf48a55953c750c11e1a1b68e0dd1a9d62ed0c092cfc5"},
]

[[package]]
name = "pathspec"
version = "0.12.1"
requires_python = ">=3.8"
summary = "Utility library for gitignore style pattern matching of file paths."
groups = ["dev"]
files = [
    {file = "pathspec-0.12.1-py3-none-any.whl", hash = "sha256:a0d503e138a4c123b27490a4f7beda6a01c6f288df0e4a8b79c7eb0dc7b4cc08"},
    {file = "pathspec-0.12.1.tar.gz", hash = "sha256:a482d51503a1ab33b1c67a6c3813a26953dbdc71c31dacaef9a838c4e29f5712"},
]

[[package]]
name = "platformdirs"
version = "4.2.0"
requires_python = ">=3.8"
summary = "A small Python package for determining appropriate platform-specific dirs, e.g. a \"user data dir\"."
groups = ["dev"]
files = [
    {file = "platformdirs-4.2.0-py3-none-any.whl", hash = "sha256:0614df2a2f37e1a662acbd8e2b25b92ccf8632929bc6d43467e17fe89c75e068"},
    {file = "platformdirs-4.2.0.tar.gz", hash = "sha256:ef0cc731df711022c174543cb70a9b5bd22e5a9337c8624ef2c2ceb8ddad8768"},
]

[[package]]
name = "pluggy"
version = "1.4.0"
requires_python = ">=3.8"
summary = "plugin and hook calling mechanisms for python"
groups = ["dev"]
files = [
    {file = "pluggy-1.4.0-py3-none-any.whl", hash = "sha256:7db9f7b503d67d1c5b95f59773ebb58a8c1c288129a88665838012cfb07b8981"},
    {file = "pluggy-1.4.0.tar.gz", hash = "sha256:8c85c2876142a764e5b7548e7d9a0e0ddb46f5185161049a79b7e974454223be"},
]

[[package]]
name = "pydeps"
version = "1.11.2"
summary = "Display module dependencies"
groups = ["dev"]
dependencies = [
    "enum34; python_version < \"3.4\"",
    "stdlib-list",
]
files = [
    {file = "pydeps-1.11.2-py3-none-any.whl", hash = "sha256:b889c3b37b1b9f7daba4ba92077ada602ba6db1254a2c5e8c1e3eea42a0b9b91"},
    {file = "pydeps-1.11.2.tar.gz", hash = "sha256:06c69e83e7f93c0409e0421938fbf34df3c364e2fd848cb0da8ed225d2490641"},
]

[[package]]
name = "pytest"
version = "7.2.2"
requires_python = ">=3.7"
summary = "pytest: simple powerful testing with Python"
groups = ["dev"]
dependencies = [
    "attrs>=19.2.0",
    "colorama; sys_platform == \"win32\"",
    "exceptiongroup>=1.0.0rc8; python_version < \"3.11\"",
    "importlib-metadata>=0.12; python_version < \"3.8\"",
    "iniconfig",
    "packaging",
    "pluggy<2.0,>=0.12",
    "tomli>=1.0.0; python_version < \"3.11\"",
]
files = [
    {file = "pytest-7.2.2-py3-none-any.whl", hash = "sha256:130328f552dcfac0b1cec75c12e3f005619dc5f874f0a06e8ff7263f0ee6225e"},
    {file = "pytest-7.2.2.tar.gz", hash = "sha256:c99ab0c73aceb050f68929bc93af19ab6db0558791c6a0715723abe9d0ade9d4"},
]

[[package]]
name = "stdlib-list"
version = "0.10.0"
requires_python = ">=3.7"
summary = "A list of Python Standard Libraries (2.7 through 3.12)."
groups = ["dev"]
files = [
    {file = "stdlib_list-0.10.0-py3-none-any.whl", hash = "sha256:b3a911bc441d03e0332dd1a9e7d0870ba3bb0a542a74d7524f54fb431256e214"},
    {file = "stdlib_list-0.10.0.tar.gz", hash = "sha256:6519c50d645513ed287657bfe856d527f277331540691ddeaf77b25459964a14"},
]

[[package]]
name = "tarina"
version = "0.5.8"
requires_python = ">=3.8"
summary = "A collection of common utils for Arclet"
groups = ["default", "full"]
dependencies = [
    "typing-extensions>=4.4.0",
]
files = [
    {file = "tarina-0.5.8-cp310-cp310-macosx_10_9_universal2.whl", hash = "sha256:76512f0868f0d24684888c173f1eb8ad301fa419920168f4072f9f0e2e903fec"},
    {file = "tarina-0.5.8-cp310-cp310-macosx_10_9_x86_64.whl", hash = "sha256:2ffc4dd5977c7f444e6352b881656262033cd23c7bb79ff86dce0cab557fb1c2"},
    {file = "tarina-0.5.8-cp310-cp310-macosx_11_0_arm64.whl", hash = "sha256:bc30f6e6a8a078c6fde61689b8db7e6146f7116daacce6b1dbb247647c0859d9"},
    {file = "tarina-0.5.8-cp310-cp310-manylinux_2_5_i686.manylinux1_i686.manylinux_2_17_i686.manylinux2014_i686.whl", hash = "sha256:46ea40c1a19ddc7f034f1c07a5daae120295b38639fe12eb27973b99602ef699"},
    {file = "tarina-0.5.8-cp310-cp310-manylinux_2_5_x86_64.manylinux1_x86_64.manylinux_2_17_x86_64.manylinux2014_x86_64.whl", hash = "sha256:c23dfa1cbccafe333eb666e97f1887325c78a134601a2df72593bfb6a3541255"},
    {file = "tarina-0.5.8-cp310-cp310-musllinux_1_1_i686.whl", hash = "sha256:7be68f9155f641fb74e6318f6ee85ab86cacb2a3c53424f168fbd0b9e0468e33"},
    {file = "tarina-0.5.8-cp310-cp310-musllinux_1_1_x86_64.whl", hash = "sha256:6863c679ba9af3059f9501b038559e1c07b969e81894e9259c1bbfc385545c26"},
    {file = "tarina-0.5.8-cp310-cp310-win32.whl", hash = "sha256:2024ca41524d17b6d09b6a12fa33e35413126001b566bdfed61e514a70ec4d44"},
    {file = "tarina-0.5.8-cp310-cp310-win_amd64.whl", hash = "sha256:f061179a48d71206af5ed7161550b7d72724f5ea24904a3ffcbf748aa047868c"},
    {file = "tarina-0.5.8-cp311-cp311-macosx_10_9_universal2.whl", hash = "sha256:9b730d605691c1afc074f684b77c12e921d8a0a278b80b5fc016ab2bf75ee081"},
    {file = "tarina-0.5.8-cp311-cp311-macosx_10_9_x86_64.whl", hash = "sha256:21dfdacf4ca5b46ecfbcd2ea92445abf9aced634aaef285fec8d914163261db8"},
    {file = "tarina-0.5.8-cp311-cp311-macosx_11_0_arm64.whl", hash = "sha256:b3162eace1e5193313f1523a943b5ae14464199782f235e87702da9ee3fb37a6"},
    {file = "tarina-0.5.8-cp311-cp311-manylinux_2_5_i686.manylinux1_i686.manylinux_2_17_i686.manylinux2014_i686.whl", hash = "sha256:385882a2991046aa05f7b183f386ec2c949076aeacb4acad525ead63342d73f7"},
    {file = "tarina-0.5.8-cp311-cp311-manylinux_2_5_x86_64.manylinux1_x86_64.manylinux_2_17_x86_64.manylinux2014_x86_64.whl", hash = "sha256:76ee0f135cbe26549592fa12691cb057aa4464d4182c35d7d967361eba52ed95"},
    {file = "tarina-0.5.8-cp311-cp311-musllinux_1_1_i686.whl", hash = "sha256:2c188c34143ae6bdcee13bac089845f1ca7d32169d85f172091550e0f34fda35"},
    {file = "tarina-0.5.8-cp311-cp311-musllinux_1_1_x86_64.whl", hash = "sha256:a45e5f0fccd0267a15582b9d8cfa4b21fca5c1c690ced673f0f58869b98cb178"},
    {file = "tarina-0.5.8-cp311-cp311-win32.whl", hash = "sha256:e554bd8e22a43ffc8f441d771585e81f90150de2f9e9d9a984c7b004bb613c10"},
    {file = "tarina-0.5.8-cp311-cp311-win_amd64.whl", hash = "sha256:51c8b7ad1cc114efde36ab09687b5f93afde27ad082cd38721dc327c7f0d922d"},
    {file = "tarina-0.5.8-cp312-cp312-macosx_10_9_universal2.whl", hash = "sha256:c95f227e7265cfce8c4fb5eebef2a148934b52b782527ded278a4e0926b90ceb"},
    {file = "tarina-0.5.8-cp312-cp312-macosx_10_9_x86_64.whl", hash = "sha256:a394bd75c92d39c0e4c1ee40404de24316f4263f10e296e8d4e19bd0a3c50e55"},
    {file = "tarina-0.5.8-cp312-cp312-macosx_11_0_arm64.whl", hash = "sha256:9db70e6fb97ee8a87da52e9ced52ee6df7c468f75b72ef98af5a97929e12bc2d"},
    {file = "tarina-0.5.8-cp312-cp312-manylinux_2_5_i686.manylinux1_i686.manylinux_2_17_i686.manylinux2014_i686.whl", hash = "sha256:6b713717dcafcd03a86f41509b6c9ebc2749419c9c8c6d559edd6fdfaca6f354"},
    {file = "tarina-0.5.8-cp312-cp312-manylinux_2_5_x86_64.manylinux1_x86_64.manylinux_2_17_x86_64.manylinux2014_x86_64.whl", hash = "sha256:ccaf87a54e062a2d72a60d699198760684aca231c7de7de11d61c191d1e870bf"},
    {file = "tarina-0.5.8-cp312-cp312-musllinux_1_1_i686.whl", hash = "sha256:a1dc7e8e84ab4e0d6bfb3e4e9c82c7d8a4c002794b7b44010658f0f81e8b5e52"},
    {file = "tarina-0.5.8-cp312-cp312-musllinux_1_1_x86_64.whl", hash = "sha256:dbc6e78e3ee9b24f9c0feb2c14c17d9696098abf6530ae63d6f4158ab7038c38"},
    {file = "tarina-0.5.8-cp312-cp312-win32.whl", hash = "sha256:4e1a08f1c3d40f935cc8c9507b7ea669b002a53dc7334c9b0ede9f71cf9d1cba"},
    {file = "tarina-0.5.8-cp312-cp312-win_amd64.whl", hash = "sha256:ab90fd830ec05d5f7cd001906fdd1a3e00d8c9fd221772d02bb87a7aec947925"},
    {file = "tarina-0.5.8-cp39-cp39-macosx_10_9_universal2.whl", hash = "sha256:7130939147f54f08eda3c6e0eb4cf8c20a4dfa079de9c9e5a3db7a3f3663674c"},
    {file = "tarina-0.5.8-cp39-cp39-macosx_10_9_x86_64.whl", hash = "sha256:0763b338533c7bdfca688219a80c905216c7d5e9c854fd1e299f92ae66ed5659"},
    {file = "tarina-0.5.8-cp39-cp39-macosx_11_0_arm64.whl", hash = "sha256:a35a155318588dd936348c8bd72618069d2a8bb268d74f070be368fc2b068190"},
    {file = "tarina-0.5.8-cp39-cp39-manylinux_2_5_i686.manylinux1_i686.manylinux_2_17_i686.manylinux2014_i686.whl", hash = "sha256:05c7ecbf79cf511f8ca13a564d0357ed7cc0cb28260d71dbf4bce29fa1dea779"},
    {file = "tarina-0.5.8-cp39-cp39-manylinux_2_5_x86_64.manylinux1_x86_64.manylinux_2_17_x86_64.manylinux2014_x86_64.whl", hash = "sha256:a73271adef1944cbbadaac4e36a979ffa4c531cee8043b31e7777262482ede0c"},
    {file = "tarina-0.5.8-cp39-cp39-musllinux_1_1_i686.whl", hash = "sha256:2ae9d864fa5644eeb76e56b79af7727d8c970fd99ed03c77be7afbb1e64e2ba4"},
    {file = "tarina-0.5.8-cp39-cp39-musllinux_1_1_x86_64.whl", hash = "sha256:a5efa1fe62b0f0cb3021051fe63b7ecc41c83a3351fb9022f7f450227d27dd04"},
    {file = "tarina-0.5.8-cp39-cp39-win32.whl", hash = "sha256:d986d11e2b1dd8b2bfe96b4327700db9275c4f2b32ba83cc682b0737d0b79913"},
    {file = "tarina-0.5.8-cp39-cp39-win_amd64.whl", hash = "sha256:d89b6ee7ee51fc2b1ac3763f06718859e065951e4a995541f9380f7606e5d3db"},
    {file = "tarina-0.5.8-py3-none-any.whl", hash = "sha256:90740760e9f516677962eff5242a722c616939b123c566a85d7e009ec9868eb3"},
    {file = "tarina-0.5.8.tar.gz", hash = "sha256:ab5a8b901829242c64a8a0436c7753e894ccae36891ca20a9deda9de6210a0b3"},
]

[[package]]
name = "tokenize-rt"
version = "5.2.0"
requires_python = ">=3.8"
summary = "A wrapper around the stdlib `tokenize` which roundtrips."
groups = ["dev"]
files = [
    {file = "tokenize_rt-5.2.0-py2.py3-none-any.whl", hash = "sha256:b79d41a65cfec71285433511b50271b05da3584a1da144a0752e9c621a285289"},
    {file = "tokenize_rt-5.2.0.tar.gz", hash = "sha256:9fe80f8a5c1edad2d3ede0f37481cc0cc1538a2f442c9c2f9e4feacd2792d054"},
]

[[package]]
name = "tomli"
version = "2.0.1"
requires_python = ">=3.7"
summary = "A lil' TOML parser"
groups = ["dev"]
marker = "python_version < \"3.11\""
files = [
    {file = "tomli-2.0.1-py3-none-any.whl", hash = "sha256:939de3e7a6161af0c887ef91b7d41a53e7c5a1ca976325f429cb46ea9bc30ecc"},
    {file = "tomli-2.0.1.tar.gz", hash = "sha256:de526c12914f0c550d15924c62d72abc48d6fe7364aa87328337a31007fe8a4f"},
]

[[package]]
name = "typing-extensions"
version = "4.12.2"
requires_python = ">=3.8"
summary = "Backported and Experimental Type Hints for Python 3.8+"
groups = ["default", "dev", "full"]
files = [
    {file = "typing_extensions-4.12.2-py3-none-any.whl", hash = "sha256:04e5ca0351e0f3f85c6853954072df659d0d13fac324d0072316b67d7794700d"},
    {file = "typing_extensions-4.12.2.tar.gz", hash = "sha256:1a7ead55c7e559dd4dee8856e3a88b41225abfe1ce8df57b7c13915fe121ffb8"},
]
